
Microsoft Visual Studio Solution File, Format Version 12.00
# Visual Studio Version 17
VisualStudioVersion = 17.3.32819.101
MinimumVisualStudioVersion = 10.0.40219.1
Project("{FAE04EC0-301F-11D3-BF4B-00C04F79EFBC}") = "FullFrameeworkMVC", "FullFrameeworkMVC\FullFrameeworkMVC.csproj", "{517115E7-193E-4789-9C95-209B797527A3}"
EndProject
Project("{FAE04EC0-301F-11D3-BF4B-00C04F79EFBC}") = "CoreMVC", "CoreMVC\CoreMVC.csproj", "{410E6469-918B-461F-83DF-AA24C1786E7A}"
EndProject
Global
	GlobalSection(SolutionConfigurationPlatforms) = preSolution
		Debug|Any CPU = Debug|Any CPU
		Release|Any CPU = Release|Any CPU
	EndGlobalSection
	GlobalSection(ProjectConfigurationPlatforms) = postSolution
		{517115E7-193E-4789-9C95-209B797527A3}.Debug|Any CPU.ActiveCfg = Debug|Any CPU
		{517115E7-193E-4789-9C95-209B797527A3}.Debug|Any CPU.Build.0 = Debug|Any CPU
		{517115E7-193E-4789-9C95-209B797527A3}.Release|Any CPU.ActiveCfg = Release|Any CPU
		{517115E7-193E-4789-9C95-209B797527A3}.Release|Any CPU.Build.0 = Release|Any CPU
		{410E6469-918B-461F-83DF-AA24C1786E7A}.Debug|Any CPU.ActiveCfg = Debug|Any CPU
		{410E6469-918B-461F-83DF-AA24C1786E7A}.Debug|Any CPU.Build.0 = Debug|Any CPU
		{410E6469-918B-461F-83DF-AA24C1786E7A}.Release|Any CPU.ActiveCfg = Release|Any CPU
		{410E6469-918B-461F-83DF-AA24C1786E7A}.Release|Any CPU.Build.0 = Release|Any CPU
	EndGlobalSection
	GlobalSection(SolutionProperties) = preSolution
		HideSolutionNode = FALSE
	EndGlobalSection
	GlobalSection(ExtensibilityGlobals) = postSolution
		SolutionGuid = {B36CC8EB-9758-4A13-B517-27F97889491D}
	EndGlobalSection
EndGlobal
