
Microsoft Visual Studio Solution File, Format Version 12.00
# Visual Studio Version 17
VisualStudioVersion = 17.4.33205.214
MinimumVisualStudioVersion = 10.0.40219.1
Project("{CC5FD16D-436D-48AD-A40C-5A424C6E3E79}") = "AzureCloudService.ConnectOnPremises", "AzureCloudService.ConnectOnPremises\AzureCloudService.ConnectOnPremises.ccproj", "{145D8034-6C6A-494B-AAC8-9EDD2EA6C1CF}"
EndProject
Project("{FAE04EC0-301F-11D3-BF4B-00C04F79EFBC}") = "WCFServiceWebRole1", "WCFServiceWebRole1\WCFServiceWebRole1.csproj", "{308B5F6B-EEC6-4FA0-B0C2-A1BC5C42F7A4}"
EndProject
Global
	GlobalSection(SolutionConfigurationPlatforms) = preSolution
		Debug|Any CPU = Debug|Any CPU
		Release|Any CPU = Release|Any CPU
	EndGlobalSection
	GlobalSection(ProjectConfigurationPlatforms) = postSolution
		{145D8034-6C6A-494B-AAC8-9EDD2EA6C1CF}.Debug|Any CPU.ActiveCfg = Debug|Any CPU
		{145D8034-6C6A-494B-AAC8-9EDD2EA6C1CF}.Debug|Any CPU.Build.0 = Debug|Any CPU
		{145D8034-6C6A-494B-AAC8-9EDD2EA6C1CF}.Release|Any CPU.ActiveCfg = Release|Any CPU
		{145D8034-6C6A-494B-AAC8-9EDD2EA6C1CF}.Release|Any CPU.Build.0 = Release|Any CPU
		{308B5F6B-EEC6-4FA0-B0C2-A1BC5C42F7A4}.Debug|Any CPU.ActiveCfg = Debug|Any CPU
		{308B5F6B-EEC6-4FA0-B0C2-A1BC5C42F7A4}.Debug|Any CPU.Build.0 = Debug|Any CPU
		{308B5F6B-EEC6-4FA0-B0C2-A1BC5C42F7A4}.Release|Any CPU.ActiveCfg = Release|Any CPU
		{308B5F6B-EEC6-4FA0-B0C2-A1BC5C42F7A4}.Release|Any CPU.Build.0 = Release|Any CPU
	EndGlobalSection
	GlobalSection(SolutionProperties) = preSolution
		HideSolutionNode = FALSE
	EndGlobalSection
	GlobalSection(ExtensibilityGlobals) = postSolution
		SolutionGuid = {7C37304F-2060-49C5-84D1-219C6705ACEB}
	EndGlobalSection
EndGlobal
