
Microsoft Visual Studio Solution File, Format Version 12.00
# Visual Studio Version 17
VisualStudioVersion = 17.1.32414.318
MinimumVisualStudioVersion = 10.0.40219.1
Project("{2150E333-8FDC-42A3-9474-1A3956D46DE8}") = "Solution Items", "Solution Items", "{B9D0D4BC-8977-44C4-933B-B3099ACE34D3}"
	ProjectSection(SolutionItems) = preProject
		.editorconfig = .editorconfig
	EndProjectSection
EndProject
Project("{2150E333-8FDC-42A3-9474-1A3956D46DE8}") = "Resource Projects", "Resource Projects", "{14C1BD9E-8DE9-42D7-9CB3-C5D1459EF65E}"
EndProject
Project("{FAE04EC0-301F-11D3-BF4B-00C04F79EFBC}") = "1.WindowsFormsApp", "..\ReferenceProjectFolder\WindowsFormsApp\1.WindowsFormsApp.csproj", "{1941A5DC-3865-47DB-A034-2525D1EB5397}"
EndProject
Project("{FAE04EC0-301F-11D3-BF4B-00C04F79EFBC}") = "4.WindowsStoreApp", "..\ReferenceProjectFolder\WindowsStoreApp\4.WindowsStoreApp.csproj", "{1514FF60-C0C4-41B3-8261-09C1E930B60B}"
EndProject
Project("{FAE04EC0-301F-11D3-BF4B-00C04F79EFBC}") = "6.WcfServiceLibrary", "..\ReferenceProjectFolder\WcfServiceLibrary\6.WcfServiceLibrary.csproj", "{A815C591-21BD-4819-B01B-257D517A91D6}"
EndProject
Project("{FAE04EC0-301F-11D3-BF4B-00C04F79EFBC}") = "7.ClbMath", "..\ReferenceProjectFolder\ClbMath\7.ClbMath.csproj", "{4A3ED058-C9EA-4301-9315-84B0FD47DF0B}"
EndProject
Project("{FAE04EC0-301F-11D3-BF4B-00C04F79EFBC}") = "8.AppMath", "..\ReferenceProjectFolder\AppMath\8.AppMath.csproj", "{256FD058-52C6-4561-8C94-6767A4AB7DB5}"
EndProject
Project("{FAE04EC0-301F-11D3-BF4B-00C04F79EFBC}") = "0.WindowsService", "..\ReferenceProjectFolder\WindowsService\0.WindowsService.csproj", "{AF4670BA-4279-4013-8FDE-2BAB206A0E8F}"
EndProject
Project("{9A19103F-16F7-4668-BE54-9A1E7A4F7556}") = "5.clbAssembly", "..\ReferenceProjectFolder\clbAssembly\5.clbAssembly.csproj", "{F3B26C76-60A1-48CC-90F2-DE557669398B}"
EndProject
Project("{9A19103F-16F7-4668-BE54-9A1E7A4F7556}") = "3.WorkerService", "..\ReferenceProjectFolder\WorkerService\3.WorkerService.csproj", "{7C3FC4BB-4C15-4E2B-A970-B08A7EAA5053}"
EndProject
Project("{9A19103F-16F7-4668-BE54-9A1E7A4F7556}") = "2.WebApp", "..\ReferenceProjectFolder\WebApp\2.WebApp.csproj", "{B5444160-B6BB-467A-B2E1-387514265A5A}"
EndProject
Project("{9A19103F-16F7-4668-BE54-9A1E7A4F7556}") = "CsharpConsoleAppMain", "CsharpConsoleAppMain.csproj", "{418FEEB6-8E72-4C2E-8B5D-FFE10A00ECE0}"
EndProject
Project("{FAE04EC0-301F-11D3-BF4B-00C04F79EFBC}") = "WebServiceApp", "..\ReferenceProjectFolder\WebServiceApp\WebServiceApp.csproj", "{EDFAD80E-574D-4E97-A988-AC94AB0E0525}"
EndProject
Project("{2150E333-8FDC-42A3-9474-1A3956D46DE8}") = "AspNet", "AspNet", "{B498093F-1383-4AA9-BFE1-EAEE89AAE97B}"
EndProject
Project("{FAE04EC0-301F-11D3-BF4B-00C04F79EFBC}") = "2.WebFormsApplication", "..\ReferenceProjectFolder\AspNet\2.WebFormsApplication\2.WebFormsApplication.csproj", "{38BC3BFF-45B2-441C-AC2B-0AC9A62CFA81}"
EndProject
Project("{FAE04EC0-301F-11D3-BF4B-00C04F79EFBC}") = "3.MvcWebApplication", "..\ReferenceProjectFolder\AspNet\3.MvcWebApplication\3.MvcWebApplication.csproj", "{EAF796D0-208F-42E7-9C43-E599E13869E4}"
EndProject
Project("{2150E333-8FDC-42A3-9474-1A3956D46DE8}") = "UnitTest", "UnitTest", "{2F9B4B7F-7613-4763-AFBC-07D68464963F}"
EndProject
Project("{2150E333-8FDC-42A3-9474-1A3956D46DE8}") = "Models", "Models", "{D084E9AC-B0BD-4061-BBFC-0FEA393CB5C1}"
EndProject
Project("{FAE04EC0-301F-11D3-BF4B-00C04F79EFBC}") = "MvcModel", "..\ReferenceProjectFolder\AspNet\MvcModel\MvcModel.csproj", "{52EE6C55-A36F-4682-8049-E09CC1E5E95A}"
EndProject
Project("{FAE04EC0-301F-11D3-BF4B-00C04F79EFBC}") = "4.MyFirstApp", "..\ReferenceProjectFolder\AspNet\4.MyFirstApp\4.MyFirstApp.csproj", "{732543B7-5EA6-47EE-A561-C1ECEB5AE5AD}"
EndProject
Project("{9A19103F-16F7-4668-BE54-9A1E7A4F7556}") = "5.AspCoreMVC", "..\ReferenceProjectFolder\AspNet\5.AspCoreMVC\5.AspCoreMVC.csproj", "{364CF5EA-4ABA-45F9-BBEF-E1E0DBFA2823}"
EndProject
Project("{2150E333-8FDC-42A3-9474-1A3956D46DE8}") = "WCF", "WCF", "{D3172884-A4C5-4A27-A8EA-08A9FB10EA0D}"
EndProject
Project("{FAE04EC0-301F-11D3-BF4B-00C04F79EFBC}") = "WCF", "..\ReferenceProjectFolder\WCF\WCF\WCF.csproj", "{BEBB508D-6392-4DA0-8FAB-16957B815EA1}"
EndProject
Project("{FAE04EC0-301F-11D3-BF4B-00C04F79EFBC}") = "WCF.Client", "..\ReferenceProjectFolder\WCF\WCF.Client\WCF.Client.csproj", "{6EDE1001-E445-47B1-91F4-30F91422D326}"
EndProject
Project("{FAE04EC0-301F-11D3-BF4B-00C04F79EFBC}") = "WcfRESTfulService", "..\ReferenceProjectFolder\WCF\WcfRESTfulService\WcfRESTfulService.csproj", "{6C4AB3DF-3AE3-4E41-8DFF-9CE6045F9B2B}"
EndProject
Project("{2150E333-8FDC-42A3-9474-1A3956D46DE8}") = "WPF", "WPF", "{5E15F84E-70AE-47CE-9F88-2F2E24D295B0}"
EndProject
Project("{9A19103F-16F7-4668-BE54-9A1E7A4F7556}") = "ChatServer", "..\ReferenceProjectFolder\WPF\ChatServer\ChatServer.csproj", "{6B3195C8-9CA5-401B-BE0E-30891F6D2FBD}"
EndProject
Project("{9A19103F-16F7-4668-BE54-9A1E7A4F7556}") = "ChatClient", "..\ReferenceProjectFolder\WPF\ChatClient\ChatClient.csproj", "{8F6A374F-D97F-4834-B9B3-A4BC38DF26D8}"
EndProject
Project("{9A19103F-16F7-4668-BE54-9A1E7A4F7556}") = "Project1", "..\ReferenceProjectFolder\WPF\WPF_Course\Project1\Project1.csproj", "{E8AD345A-9C58-4D59-9B09-3EE046A9F452}"
EndProject
Project("{2150E333-8FDC-42A3-9474-1A3956D46DE8}") = "WPF_Course", "WPF_Course", "{01127476-C8A2-4AA1-ABCF-014B3C409F69}"
EndProject
Project("{9A19103F-16F7-4668-BE54-9A1E7A4F7556}") = "7.RESTful_API", "..\ReferenceProjectFolder\AspNet\7.RESTful_API\7.RESTful_API.csproj", "{BB8D2BD0-D022-4BF4-A83C-CCA15B07F79E}"
EndProject
Project("{2150E333-8FDC-42A3-9474-1A3956D46DE8}") = "UWP", "UWP", "{320C50A6-2B1B-419E-911F-6FBA38BB35E4}"
EndProject
Project("{FAE04EC0-301F-11D3-BF4B-00C04F79EFBC}") = "UWP", "..\ReferenceProjectFolder\UWP\UWP\UWP.csproj", "{8DD44B98-19BF-4858-9ECA-65A42A6A0FC8}"
EndProject
Project("{FAE04EC0-301F-11D3-BF4B-00C04F79EFBC}") = "RuntimeComponent1", "..\RuntimeComponent1\RuntimeComponent1.csproj", "{20CCA53B-F063-4A97-99C1-DB973027A176}"
EndProject
Project("{9A19103F-16F7-4668-BE54-9A1E7A4F7556}") = "ClassLibrary1", "..\ClassLibrary1\ClassLibrary1.csproj", "{5249E7B4-3BB5-4D5E-A6F4-217EB93D8D48}"
EndProject
Project("{2150E333-8FDC-42A3-9474-1A3956D46DE8}") = "UnitTests", "UnitTests", "{D19CFD41-BF8A-4B81-8054-F07EA85C2FBD}"
EndProject
Project("{FAE04EC0-301F-11D3-BF4B-00C04F79EFBC}") = "ADOclass", "..\..\..\..\Users\james\OneDrive\wwwroot\CsharpConsoleAppMainSolution\ADOclass\ADOclass.csproj", "{233B59DA-09FD-4FC6-90E4-29DBD58BD1D9}"
EndProject
Project("{FAE04EC0-301F-11D3-BF4B-00C04F79EFBC}") = "AuthenticatedSchoolSystem", "..\NetFramework\New folder\AuthenticatedSchoolSystemSolution\AuthenticatedSchoolSystem\AuthenticatedSchoolSystem.csproj", "{E0056D6E-4663-4A8E-B6B7-9F120DD7EC6F}"
EndProject
Global
	GlobalSection(SolutionConfigurationPlatforms) = preSolution
		Debug|Any CPU = Debug|Any CPU
		Debug|ARM = Debug|ARM
		Debug|ARM64 = Debug|ARM64
		Debug|x64 = Debug|x64
		Debug|x86 = Debug|x86
		Release|Any CPU = Release|Any CPU
		Release|ARM = Release|ARM
		Release|ARM64 = Release|ARM64
		Release|x64 = Release|x64
		Release|x86 = Release|x86
	EndGlobalSection
	GlobalSection(ProjectConfigurationPlatforms) = postSolution
		{1941A5DC-3865-47DB-A034-2525D1EB5397}.Debug|Any CPU.ActiveCfg = Debug|Any CPU
		{1941A5DC-3865-47DB-A034-2525D1EB5397}.Debug|Any CPU.Build.0 = Debug|Any CPU
		{1941A5DC-3865-47DB-A034-2525D1EB5397}.Debug|ARM.ActiveCfg = Debug|Any CPU
		{1941A5DC-3865-47DB-A034-2525D1EB5397}.Debug|ARM.Build.0 = Debug|Any CPU
		{1941A5DC-3865-47DB-A034-2525D1EB5397}.Debug|ARM64.ActiveCfg = Debug|Any CPU
		{1941A5DC-3865-47DB-A034-2525D1EB5397}.Debug|ARM64.Build.0 = Debug|Any CPU
		{1941A5DC-3865-47DB-A034-2525D1EB5397}.Debug|x64.ActiveCfg = Debug|Any CPU
		{1941A5DC-3865-47DB-A034-2525D1EB5397}.Debug|x64.Build.0 = Debug|Any CPU
		{1941A5DC-3865-47DB-A034-2525D1EB5397}.Debug|x86.ActiveCfg = Debug|Any CPU
		{1941A5DC-3865-47DB-A034-2525D1EB5397}.Debug|x86.Build.0 = Debug|Any CPU
		{1941A5DC-3865-47DB-A034-2525D1EB5397}.Release|Any CPU.ActiveCfg = Release|Any CPU
		{1941A5DC-3865-47DB-A034-2525D1EB5397}.Release|Any CPU.Build.0 = Release|Any CPU
		{1941A5DC-3865-47DB-A034-2525D1EB5397}.Release|ARM.ActiveCfg = Release|Any CPU
		{1941A5DC-3865-47DB-A034-2525D1EB5397}.Release|ARM.Build.0 = Release|Any CPU
		{1941A5DC-3865-47DB-A034-2525D1EB5397}.Release|ARM64.ActiveCfg = Release|Any CPU
		{1941A5DC-3865-47DB-A034-2525D1EB5397}.Release|ARM64.Build.0 = Release|Any CPU
		{1941A5DC-3865-47DB-A034-2525D1EB5397}.Release|x64.ActiveCfg = Release|Any CPU
		{1941A5DC-3865-47DB-A034-2525D1EB5397}.Release|x64.Build.0 = Release|Any CPU
		{1941A5DC-3865-47DB-A034-2525D1EB5397}.Release|x86.ActiveCfg = Release|Any CPU
		{1941A5DC-3865-47DB-A034-2525D1EB5397}.Release|x86.Build.0 = Release|Any CPU
		{1514FF60-C0C4-41B3-8261-09C1E930B60B}.Debug|Any CPU.ActiveCfg = Debug|x64
		{1514FF60-C0C4-41B3-8261-09C1E930B60B}.Debug|Any CPU.Build.0 = Debug|x64
		{1514FF60-C0C4-41B3-8261-09C1E930B60B}.Debug|ARM.ActiveCfg = Debug|ARM
		{1514FF60-C0C4-41B3-8261-09C1E930B60B}.Debug|ARM.Build.0 = Debug|ARM
		{1514FF60-C0C4-41B3-8261-09C1E930B60B}.Debug|ARM.Deploy.0 = Debug|ARM
		{1514FF60-C0C4-41B3-8261-09C1E930B60B}.Debug|ARM64.ActiveCfg = Debug|ARM64
		{1514FF60-C0C4-41B3-8261-09C1E930B60B}.Debug|ARM64.Build.0 = Debug|ARM64
		{1514FF60-C0C4-41B3-8261-09C1E930B60B}.Debug|ARM64.Deploy.0 = Debug|ARM64
		{1514FF60-C0C4-41B3-8261-09C1E930B60B}.Debug|x64.ActiveCfg = Debug|x64
		{1514FF60-C0C4-41B3-8261-09C1E930B60B}.Debug|x64.Build.0 = Debug|x64
		{1514FF60-C0C4-41B3-8261-09C1E930B60B}.Debug|x64.Deploy.0 = Debug|x64
		{1514FF60-C0C4-41B3-8261-09C1E930B60B}.Debug|x86.ActiveCfg = Debug|x86
		{1514FF60-C0C4-41B3-8261-09C1E930B60B}.Debug|x86.Build.0 = Debug|x86
		{1514FF60-C0C4-41B3-8261-09C1E930B60B}.Debug|x86.Deploy.0 = Debug|x86
		{1514FF60-C0C4-41B3-8261-09C1E930B60B}.Release|Any CPU.ActiveCfg = Release|x64
		{1514FF60-C0C4-41B3-8261-09C1E930B60B}.Release|Any CPU.Build.0 = Release|x64
		{1514FF60-C0C4-41B3-8261-09C1E930B60B}.Release|Any CPU.Deploy.0 = Release|x64
		{1514FF60-C0C4-41B3-8261-09C1E930B60B}.Release|ARM.ActiveCfg = Release|ARM
		{1514FF60-C0C4-41B3-8261-09C1E930B60B}.Release|ARM.Build.0 = Release|ARM
		{1514FF60-C0C4-41B3-8261-09C1E930B60B}.Release|ARM.Deploy.0 = Release|ARM
		{1514FF60-C0C4-41B3-8261-09C1E930B60B}.Release|ARM64.ActiveCfg = Release|ARM64
		{1514FF60-C0C4-41B3-8261-09C1E930B60B}.Release|ARM64.Build.0 = Release|ARM64
		{1514FF60-C0C4-41B3-8261-09C1E930B60B}.Release|ARM64.Deploy.0 = Release|ARM64
		{1514FF60-C0C4-41B3-8261-09C1E930B60B}.Release|x64.ActiveCfg = Release|x64
		{1514FF60-C0C4-41B3-8261-09C1E930B60B}.Release|x64.Build.0 = Release|x64
		{1514FF60-C0C4-41B3-8261-09C1E930B60B}.Release|x64.Deploy.0 = Release|x64
		{1514FF60-C0C4-41B3-8261-09C1E930B60B}.Release|x86.ActiveCfg = Release|x86
		{1514FF60-C0C4-41B3-8261-09C1E930B60B}.Release|x86.Build.0 = Release|x86
		{1514FF60-C0C4-41B3-8261-09C1E930B60B}.Release|x86.Deploy.0 = Release|x86
		{A815C591-21BD-4819-B01B-257D517A91D6}.Debug|Any CPU.ActiveCfg = Debug|Any CPU
		{A815C591-21BD-4819-B01B-257D517A91D6}.Debug|Any CPU.Build.0 = Debug|Any CPU
		{A815C591-21BD-4819-B01B-257D517A91D6}.Debug|ARM.ActiveCfg = Debug|Any CPU
		{A815C591-21BD-4819-B01B-257D517A91D6}.Debug|ARM.Build.0 = Debug|Any CPU
		{A815C591-21BD-4819-B01B-257D517A91D6}.Debug|ARM64.ActiveCfg = Debug|Any CPU
		{A815C591-21BD-4819-B01B-257D517A91D6}.Debug|ARM64.Build.0 = Debug|Any CPU
		{A815C591-21BD-4819-B01B-257D517A91D6}.Debug|x64.ActiveCfg = Debug|Any CPU
		{A815C591-21BD-4819-B01B-257D517A91D6}.Debug|x64.Build.0 = Debug|Any CPU
		{A815C591-21BD-4819-B01B-257D517A91D6}.Debug|x86.ActiveCfg = Debug|Any CPU
		{A815C591-21BD-4819-B01B-257D517A91D6}.Debug|x86.Build.0 = Debug|Any CPU
		{A815C591-21BD-4819-B01B-257D517A91D6}.Release|Any CPU.ActiveCfg = Release|Any CPU
		{A815C591-21BD-4819-B01B-257D517A91D6}.Release|Any CPU.Build.0 = Release|Any CPU
		{A815C591-21BD-4819-B01B-257D517A91D6}.Release|ARM.ActiveCfg = Release|Any CPU
		{A815C591-21BD-4819-B01B-257D517A91D6}.Release|ARM.Build.0 = Release|Any CPU
		{A815C591-21BD-4819-B01B-257D517A91D6}.Release|ARM64.ActiveCfg = Release|Any CPU
		{A815C591-21BD-4819-B01B-257D517A91D6}.Release|ARM64.Build.0 = Release|Any CPU
		{A815C591-21BD-4819-B01B-257D517A91D6}.Release|x64.ActiveCfg = Release|Any CPU
		{A815C591-21BD-4819-B01B-257D517A91D6}.Release|x64.Build.0 = Release|Any CPU
		{A815C591-21BD-4819-B01B-257D517A91D6}.Release|x86.ActiveCfg = Release|Any CPU
		{A815C591-21BD-4819-B01B-257D517A91D6}.Release|x86.Build.0 = Release|Any CPU
		{4A3ED058-C9EA-4301-9315-84B0FD47DF0B}.Debug|Any CPU.ActiveCfg = Debug|Any CPU
		{4A3ED058-C9EA-4301-9315-84B0FD47DF0B}.Debug|Any CPU.Build.0 = Debug|Any CPU
		{4A3ED058-C9EA-4301-9315-84B0FD47DF0B}.Debug|ARM.ActiveCfg = Debug|ARM
		{4A3ED058-C9EA-4301-9315-84B0FD47DF0B}.Debug|ARM.Build.0 = Debug|ARM
		{4A3ED058-C9EA-4301-9315-84B0FD47DF0B}.Debug|ARM64.ActiveCfg = Debug|ARM64
		{4A3ED058-C9EA-4301-9315-84B0FD47DF0B}.Debug|ARM64.Build.0 = Debug|ARM64
		{4A3ED058-C9EA-4301-9315-84B0FD47DF0B}.Debug|x64.ActiveCfg = Debug|x64
		{4A3ED058-C9EA-4301-9315-84B0FD47DF0B}.Debug|x64.Build.0 = Debug|x64
		{4A3ED058-C9EA-4301-9315-84B0FD47DF0B}.Debug|x86.ActiveCfg = Debug|x86
		{4A3ED058-C9EA-4301-9315-84B0FD47DF0B}.Debug|x86.Build.0 = Debug|x86
		{4A3ED058-C9EA-4301-9315-84B0FD47DF0B}.Release|Any CPU.ActiveCfg = Release|Any CPU
		{4A3ED058-C9EA-4301-9315-84B0FD47DF0B}.Release|Any CPU.Build.0 = Release|Any CPU
		{4A3ED058-C9EA-4301-9315-84B0FD47DF0B}.Release|ARM.ActiveCfg = Release|ARM
		{4A3ED058-C9EA-4301-9315-84B0FD47DF0B}.Release|ARM.Build.0 = Release|ARM
		{4A3ED058-C9EA-4301-9315-84B0FD47DF0B}.Release|ARM64.ActiveCfg = Release|ARM64
		{4A3ED058-C9EA-4301-9315-84B0FD47DF0B}.Release|ARM64.Build.0 = Release|ARM64
		{4A3ED058-C9EA-4301-9315-84B0FD47DF0B}.Release|x64.ActiveCfg = Release|x64
		{4A3ED058-C9EA-4301-9315-84B0FD47DF0B}.Release|x64.Build.0 = Release|x64
		{4A3ED058-C9EA-4301-9315-84B0FD47DF0B}.Release|x86.ActiveCfg = Release|x86
		{4A3ED058-C9EA-4301-9315-84B0FD47DF0B}.Release|x86.Build.0 = Release|x86
		{256FD058-52C6-4561-8C94-6767A4AB7DB5}.Debug|Any CPU.ActiveCfg = Debug|x64
		{256FD058-52C6-4561-8C94-6767A4AB7DB5}.Debug|Any CPU.Build.0 = Debug|x64
		{256FD058-52C6-4561-8C94-6767A4AB7DB5}.Debug|ARM.ActiveCfg = Debug|ARM
		{256FD058-52C6-4561-8C94-6767A4AB7DB5}.Debug|ARM.Build.0 = Debug|ARM
		{256FD058-52C6-4561-8C94-6767A4AB7DB5}.Debug|ARM.Deploy.0 = Debug|ARM
		{256FD058-52C6-4561-8C94-6767A4AB7DB5}.Debug|ARM64.ActiveCfg = Debug|ARM64
		{256FD058-52C6-4561-8C94-6767A4AB7DB5}.Debug|ARM64.Build.0 = Debug|ARM64
		{256FD058-52C6-4561-8C94-6767A4AB7DB5}.Debug|ARM64.Deploy.0 = Debug|ARM64
		{256FD058-52C6-4561-8C94-6767A4AB7DB5}.Debug|x64.ActiveCfg = Debug|x64
		{256FD058-52C6-4561-8C94-6767A4AB7DB5}.Debug|x64.Build.0 = Debug|x64
		{256FD058-52C6-4561-8C94-6767A4AB7DB5}.Debug|x64.Deploy.0 = Debug|x64
		{256FD058-52C6-4561-8C94-6767A4AB7DB5}.Debug|x86.ActiveCfg = Debug|x86
		{256FD058-52C6-4561-8C94-6767A4AB7DB5}.Debug|x86.Build.0 = Debug|x86
		{256FD058-52C6-4561-8C94-6767A4AB7DB5}.Debug|x86.Deploy.0 = Debug|x86
		{256FD058-52C6-4561-8C94-6767A4AB7DB5}.Release|Any CPU.ActiveCfg = Release|x64
		{256FD058-52C6-4561-8C94-6767A4AB7DB5}.Release|Any CPU.Build.0 = Release|x64
		{256FD058-52C6-4561-8C94-6767A4AB7DB5}.Release|Any CPU.Deploy.0 = Release|x64
		{256FD058-52C6-4561-8C94-6767A4AB7DB5}.Release|ARM.ActiveCfg = Release|ARM
		{256FD058-52C6-4561-8C94-6767A4AB7DB5}.Release|ARM.Build.0 = Release|ARM
		{256FD058-52C6-4561-8C94-6767A4AB7DB5}.Release|ARM.Deploy.0 = Release|ARM
		{256FD058-52C6-4561-8C94-6767A4AB7DB5}.Release|ARM64.ActiveCfg = Release|ARM64
		{256FD058-52C6-4561-8C94-6767A4AB7DB5}.Release|ARM64.Build.0 = Release|ARM64
		{256FD058-52C6-4561-8C94-6767A4AB7DB5}.Release|ARM64.Deploy.0 = Release|ARM64
		{256FD058-52C6-4561-8C94-6767A4AB7DB5}.Release|x64.ActiveCfg = Release|x64
		{256FD058-52C6-4561-8C94-6767A4AB7DB5}.Release|x64.Build.0 = Release|x64
		{256FD058-52C6-4561-8C94-6767A4AB7DB5}.Release|x64.Deploy.0 = Release|x64
		{256FD058-52C6-4561-8C94-6767A4AB7DB5}.Release|x86.ActiveCfg = Release|x86
		{256FD058-52C6-4561-8C94-6767A4AB7DB5}.Release|x86.Build.0 = Release|x86
		{256FD058-52C6-4561-8C94-6767A4AB7DB5}.Release|x86.Deploy.0 = Release|x86
		{AF4670BA-4279-4013-8FDE-2BAB206A0E8F}.Debug|Any CPU.ActiveCfg = Debug|Any CPU
		{AF4670BA-4279-4013-8FDE-2BAB206A0E8F}.Debug|Any CPU.Build.0 = Debug|Any CPU
		{AF4670BA-4279-4013-8FDE-2BAB206A0E8F}.Debug|ARM.ActiveCfg = Debug|Any CPU
		{AF4670BA-4279-4013-8FDE-2BAB206A0E8F}.Debug|ARM.Build.0 = Debug|Any CPU
		{AF4670BA-4279-4013-8FDE-2BAB206A0E8F}.Debug|ARM64.ActiveCfg = Debug|Any CPU
		{AF4670BA-4279-4013-8FDE-2BAB206A0E8F}.Debug|ARM64.Build.0 = Debug|Any CPU
		{AF4670BA-4279-4013-8FDE-2BAB206A0E8F}.Debug|x64.ActiveCfg = Debug|Any CPU
		{AF4670BA-4279-4013-8FDE-2BAB206A0E8F}.Debug|x64.Build.0 = Debug|Any CPU
		{AF4670BA-4279-4013-8FDE-2BAB206A0E8F}.Debug|x86.ActiveCfg = Debug|Any CPU
		{AF4670BA-4279-4013-8FDE-2BAB206A0E8F}.Debug|x86.Build.0 = Debug|Any CPU
		{AF4670BA-4279-4013-8FDE-2BAB206A0E8F}.Release|Any CPU.ActiveCfg = Release|Any CPU
		{AF4670BA-4279-4013-8FDE-2BAB206A0E8F}.Release|Any CPU.Build.0 = Release|Any CPU
		{AF4670BA-4279-4013-8FDE-2BAB206A0E8F}.Release|ARM.ActiveCfg = Release|Any CPU
		{AF4670BA-4279-4013-8FDE-2BAB206A0E8F}.Release|ARM.Build.0 = Release|Any CPU
		{AF4670BA-4279-4013-8FDE-2BAB206A0E8F}.Release|ARM64.ActiveCfg = Release|Any CPU
		{AF4670BA-4279-4013-8FDE-2BAB206A0E8F}.Release|ARM64.Build.0 = Release|Any CPU
		{AF4670BA-4279-4013-8FDE-2BAB206A0E8F}.Release|x64.ActiveCfg = Release|Any CPU
		{AF4670BA-4279-4013-8FDE-2BAB206A0E8F}.Release|x64.Build.0 = Release|Any CPU
		{AF4670BA-4279-4013-8FDE-2BAB206A0E8F}.Release|x86.ActiveCfg = Release|Any CPU
		{AF4670BA-4279-4013-8FDE-2BAB206A0E8F}.Release|x86.Build.0 = Release|Any CPU
		{F3B26C76-60A1-48CC-90F2-DE557669398B}.Debug|Any CPU.ActiveCfg = Debug|Any CPU
		{F3B26C76-60A1-48CC-90F2-DE557669398B}.Debug|Any CPU.Build.0 = Debug|Any CPU
		{F3B26C76-60A1-48CC-90F2-DE557669398B}.Debug|ARM.ActiveCfg = Debug|Any CPU
		{F3B26C76-60A1-48CC-90F2-DE557669398B}.Debug|ARM.Build.0 = Debug|Any CPU
		{F3B26C76-60A1-48CC-90F2-DE557669398B}.Debug|ARM64.ActiveCfg = Debug|Any CPU
		{F3B26C76-60A1-48CC-90F2-DE557669398B}.Debug|ARM64.Build.0 = Debug|Any CPU
		{F3B26C76-60A1-48CC-90F2-DE557669398B}.Debug|x64.ActiveCfg = Debug|Any CPU
		{F3B26C76-60A1-48CC-90F2-DE557669398B}.Debug|x64.Build.0 = Debug|Any CPU
		{F3B26C76-60A1-48CC-90F2-DE557669398B}.Debug|x86.ActiveCfg = Debug|Any CPU
		{F3B26C76-60A1-48CC-90F2-DE557669398B}.Debug|x86.Build.0 = Debug|Any CPU
		{F3B26C76-60A1-48CC-90F2-DE557669398B}.Release|Any CPU.ActiveCfg = Release|Any CPU
		{F3B26C76-60A1-48CC-90F2-DE557669398B}.Release|Any CPU.Build.0 = Release|Any CPU
		{F3B26C76-60A1-48CC-90F2-DE557669398B}.Release|ARM.ActiveCfg = Release|Any CPU
		{F3B26C76-60A1-48CC-90F2-DE557669398B}.Release|ARM.Build.0 = Release|Any CPU
		{F3B26C76-60A1-48CC-90F2-DE557669398B}.Release|ARM64.ActiveCfg = Release|Any CPU
		{F3B26C76-60A1-48CC-90F2-DE557669398B}.Release|ARM64.Build.0 = Release|Any CPU
		{F3B26C76-60A1-48CC-90F2-DE557669398B}.Release|x64.ActiveCfg = Release|Any CPU
		{F3B26C76-60A1-48CC-90F2-DE557669398B}.Release|x64.Build.0 = Release|Any CPU
		{F3B26C76-60A1-48CC-90F2-DE557669398B}.Release|x86.ActiveCfg = Release|Any CPU
		{F3B26C76-60A1-48CC-90F2-DE557669398B}.Release|x86.Build.0 = Release|Any CPU
		{7C3FC4BB-4C15-4E2B-A970-B08A7EAA5053}.Debug|Any CPU.ActiveCfg = Debug|Any CPU
		{7C3FC4BB-4C15-4E2B-A970-B08A7EAA5053}.Debug|Any CPU.Build.0 = Debug|Any CPU
		{7C3FC4BB-4C15-4E2B-A970-B08A7EAA5053}.Debug|ARM.ActiveCfg = Debug|Any CPU
		{7C3FC4BB-4C15-4E2B-A970-B08A7EAA5053}.Debug|ARM.Build.0 = Debug|Any CPU
		{7C3FC4BB-4C15-4E2B-A970-B08A7EAA5053}.Debug|ARM64.ActiveCfg = Debug|Any CPU
		{7C3FC4BB-4C15-4E2B-A970-B08A7EAA5053}.Debug|ARM64.Build.0 = Debug|Any CPU
		{7C3FC4BB-4C15-4E2B-A970-B08A7EAA5053}.Debug|x64.ActiveCfg = Debug|Any CPU
		{7C3FC4BB-4C15-4E2B-A970-B08A7EAA5053}.Debug|x64.Build.0 = Debug|Any CPU
		{7C3FC4BB-4C15-4E2B-A970-B08A7EAA5053}.Debug|x86.ActiveCfg = Debug|Any CPU
		{7C3FC4BB-4C15-4E2B-A970-B08A7EAA5053}.Debug|x86.Build.0 = Debug|Any CPU
		{7C3FC4BB-4C15-4E2B-A970-B08A7EAA5053}.Release|Any CPU.ActiveCfg = Release|Any CPU
		{7C3FC4BB-4C15-4E2B-A970-B08A7EAA5053}.Release|Any CPU.Build.0 = Release|Any CPU
		{7C3FC4BB-4C15-4E2B-A970-B08A7EAA5053}.Release|ARM.ActiveCfg = Release|Any CPU
		{7C3FC4BB-4C15-4E2B-A970-B08A7EAA5053}.Release|ARM.Build.0 = Release|Any CPU
		{7C3FC4BB-4C15-4E2B-A970-B08A7EAA5053}.Release|ARM64.ActiveCfg = Release|Any CPU
		{7C3FC4BB-4C15-4E2B-A970-B08A7EAA5053}.Release|ARM64.Build.0 = Release|Any CPU
		{7C3FC4BB-4C15-4E2B-A970-B08A7EAA5053}.Release|x64.ActiveCfg = Release|Any CPU
		{7C3FC4BB-4C15-4E2B-A970-B08A7EAA5053}.Release|x64.Build.0 = Release|Any CPU
		{7C3FC4BB-4C15-4E2B-A970-B08A7EAA5053}.Release|x86.ActiveCfg = Release|Any CPU
		{7C3FC4BB-4C15-4E2B-A970-B08A7EAA5053}.Release|x86.Build.0 = Release|Any CPU
		{B5444160-B6BB-467A-B2E1-387514265A5A}.Debug|Any CPU.ActiveCfg = Debug|Any CPU
		{B5444160-B6BB-467A-B2E1-387514265A5A}.Debug|Any CPU.Build.0 = Debug|Any CPU
		{B5444160-B6BB-467A-B2E1-387514265A5A}.Debug|ARM.ActiveCfg = Debug|Any CPU
		{B5444160-B6BB-467A-B2E1-387514265A5A}.Debug|ARM.Build.0 = Debug|Any CPU
		{B5444160-B6BB-467A-B2E1-387514265A5A}.Debug|ARM64.ActiveCfg = Debug|Any CPU
		{B5444160-B6BB-467A-B2E1-387514265A5A}.Debug|ARM64.Build.0 = Debug|Any CPU
		{B5444160-B6BB-467A-B2E1-387514265A5A}.Debug|x64.ActiveCfg = Debug|Any CPU
		{B5444160-B6BB-467A-B2E1-387514265A5A}.Debug|x64.Build.0 = Debug|Any CPU
		{B5444160-B6BB-467A-B2E1-387514265A5A}.Debug|x86.ActiveCfg = Debug|Any CPU
		{B5444160-B6BB-467A-B2E1-387514265A5A}.Debug|x86.Build.0 = Debug|Any CPU
		{B5444160-B6BB-467A-B2E1-387514265A5A}.Release|Any CPU.ActiveCfg = Release|Any CPU
		{B5444160-B6BB-467A-B2E1-387514265A5A}.Release|Any CPU.Build.0 = Release|Any CPU
		{B5444160-B6BB-467A-B2E1-387514265A5A}.Release|ARM.ActiveCfg = Release|Any CPU
		{B5444160-B6BB-467A-B2E1-387514265A5A}.Release|ARM.Build.0 = Release|Any CPU
		{B5444160-B6BB-467A-B2E1-387514265A5A}.Release|ARM64.ActiveCfg = Release|Any CPU
		{B5444160-B6BB-467A-B2E1-387514265A5A}.Release|ARM64.Build.0 = Release|Any CPU
		{B5444160-B6BB-467A-B2E1-387514265A5A}.Release|x64.ActiveCfg = Release|Any CPU
		{B5444160-B6BB-467A-B2E1-387514265A5A}.Release|x64.Build.0 = Release|Any CPU
		{B5444160-B6BB-467A-B2E1-387514265A5A}.Release|x86.ActiveCfg = Release|Any CPU
		{B5444160-B6BB-467A-B2E1-387514265A5A}.Release|x86.Build.0 = Release|Any CPU
		{418FEEB6-8E72-4C2E-8B5D-FFE10A00ECE0}.Debug|Any CPU.ActiveCfg = Debug|Any CPU
		{418FEEB6-8E72-4C2E-8B5D-FFE10A00ECE0}.Debug|Any CPU.Build.0 = Debug|Any CPU
		{418FEEB6-8E72-4C2E-8B5D-FFE10A00ECE0}.Debug|ARM.ActiveCfg = Debug|Any CPU
		{418FEEB6-8E72-4C2E-8B5D-FFE10A00ECE0}.Debug|ARM.Build.0 = Debug|Any CPU
		{418FEEB6-8E72-4C2E-8B5D-FFE10A00ECE0}.Debug|ARM64.ActiveCfg = Debug|Any CPU
		{418FEEB6-8E72-4C2E-8B5D-FFE10A00ECE0}.Debug|ARM64.Build.0 = Debug|Any CPU
		{418FEEB6-8E72-4C2E-8B5D-FFE10A00ECE0}.Debug|x64.ActiveCfg = Debug|Any CPU
		{418FEEB6-8E72-4C2E-8B5D-FFE10A00ECE0}.Debug|x64.Build.0 = Debug|Any CPU
		{418FEEB6-8E72-4C2E-8B5D-FFE10A00ECE0}.Debug|x86.ActiveCfg = Debug|Any CPU
		{418FEEB6-8E72-4C2E-8B5D-FFE10A00ECE0}.Debug|x86.Build.0 = Debug|Any CPU
		{418FEEB6-8E72-4C2E-8B5D-FFE10A00ECE0}.Release|Any CPU.ActiveCfg = Release|Any CPU
		{418FEEB6-8E72-4C2E-8B5D-FFE10A00ECE0}.Release|Any CPU.Build.0 = Release|Any CPU
		{418FEEB6-8E72-4C2E-8B5D-FFE10A00ECE0}.Release|ARM.ActiveCfg = Release|Any CPU
		{418FEEB6-8E72-4C2E-8B5D-FFE10A00ECE0}.Release|ARM.Build.0 = Release|Any CPU
		{418FEEB6-8E72-4C2E-8B5D-FFE10A00ECE0}.Release|ARM64.ActiveCfg = Release|Any CPU
		{418FEEB6-8E72-4C2E-8B5D-FFE10A00ECE0}.Release|ARM64.Build.0 = Release|Any CPU
		{418FEEB6-8E72-4C2E-8B5D-FFE10A00ECE0}.Release|x64.ActiveCfg = Release|Any CPU
		{418FEEB6-8E72-4C2E-8B5D-FFE10A00ECE0}.Release|x64.Build.0 = Release|Any CPU
		{418FEEB6-8E72-4C2E-8B5D-FFE10A00ECE0}.Release|x86.ActiveCfg = Release|Any CPU
		{418FEEB6-8E72-4C2E-8B5D-FFE10A00ECE0}.Release|x86.Build.0 = Release|Any CPU
		{EDFAD80E-574D-4E97-A988-AC94AB0E0525}.Debug|Any CPU.ActiveCfg = Debug|Any CPU
		{EDFAD80E-574D-4E97-A988-AC94AB0E0525}.Debug|Any CPU.Build.0 = Debug|Any CPU
		{EDFAD80E-574D-4E97-A988-AC94AB0E0525}.Debug|ARM.ActiveCfg = Debug|Any CPU
		{EDFAD80E-574D-4E97-A988-AC94AB0E0525}.Debug|ARM.Build.0 = Debug|Any CPU
		{EDFAD80E-574D-4E97-A988-AC94AB0E0525}.Debug|ARM64.ActiveCfg = Debug|Any CPU
		{EDFAD80E-574D-4E97-A988-AC94AB0E0525}.Debug|ARM64.Build.0 = Debug|Any CPU
		{EDFAD80E-574D-4E97-A988-AC94AB0E0525}.Debug|x64.ActiveCfg = Debug|Any CPU
		{EDFAD80E-574D-4E97-A988-AC94AB0E0525}.Debug|x64.Build.0 = Debug|Any CPU
		{EDFAD80E-574D-4E97-A988-AC94AB0E0525}.Debug|x86.ActiveCfg = Debug|Any CPU
		{EDFAD80E-574D-4E97-A988-AC94AB0E0525}.Debug|x86.Build.0 = Debug|Any CPU
		{EDFAD80E-574D-4E97-A988-AC94AB0E0525}.Release|Any CPU.ActiveCfg = Release|Any CPU
		{EDFAD80E-574D-4E97-A988-AC94AB0E0525}.Release|Any CPU.Build.0 = Release|Any CPU
		{EDFAD80E-574D-4E97-A988-AC94AB0E0525}.Release|ARM.ActiveCfg = Release|Any CPU
		{EDFAD80E-574D-4E97-A988-AC94AB0E0525}.Release|ARM.Build.0 = Release|Any CPU
		{EDFAD80E-574D-4E97-A988-AC94AB0E0525}.Release|ARM64.ActiveCfg = Release|Any CPU
		{EDFAD80E-574D-4E97-A988-AC94AB0E0525}.Release|ARM64.Build.0 = Release|Any CPU
		{EDFAD80E-574D-4E97-A988-AC94AB0E0525}.Release|x64.ActiveCfg = Release|Any CPU
		{EDFAD80E-574D-4E97-A988-AC94AB0E0525}.Release|x64.Build.0 = Release|Any CPU
		{EDFAD80E-574D-4E97-A988-AC94AB0E0525}.Release|x86.ActiveCfg = Release|Any CPU
		{EDFAD80E-574D-4E97-A988-AC94AB0E0525}.Release|x86.Build.0 = Release|Any CPU
		{38BC3BFF-45B2-441C-AC2B-0AC9A62CFA81}.Debug|Any CPU.ActiveCfg = Debug|Any CPU
		{38BC3BFF-45B2-441C-AC2B-0AC9A62CFA81}.Debug|Any CPU.Build.0 = Debug|Any CPU
		{38BC3BFF-45B2-441C-AC2B-0AC9A62CFA81}.Debug|ARM.ActiveCfg = Debug|Any CPU
		{38BC3BFF-45B2-441C-AC2B-0AC9A62CFA81}.Debug|ARM.Build.0 = Debug|Any CPU
		{38BC3BFF-45B2-441C-AC2B-0AC9A62CFA81}.Debug|ARM64.ActiveCfg = Debug|Any CPU
		{38BC3BFF-45B2-441C-AC2B-0AC9A62CFA81}.Debug|ARM64.Build.0 = Debug|Any CPU
		{38BC3BFF-45B2-441C-AC2B-0AC9A62CFA81}.Debug|x64.ActiveCfg = Debug|Any CPU
		{38BC3BFF-45B2-441C-AC2B-0AC9A62CFA81}.Debug|x64.Build.0 = Debug|Any CPU
		{38BC3BFF-45B2-441C-AC2B-0AC9A62CFA81}.Debug|x86.ActiveCfg = Debug|Any CPU
		{38BC3BFF-45B2-441C-AC2B-0AC9A62CFA81}.Debug|x86.Build.0 = Debug|Any CPU
		{38BC3BFF-45B2-441C-AC2B-0AC9A62CFA81}.Release|Any CPU.ActiveCfg = Release|Any CPU
		{38BC3BFF-45B2-441C-AC2B-0AC9A62CFA81}.Release|Any CPU.Build.0 = Release|Any CPU
		{38BC3BFF-45B2-441C-AC2B-0AC9A62CFA81}.Release|ARM.ActiveCfg = Release|Any CPU
		{38BC3BFF-45B2-441C-AC2B-0AC9A62CFA81}.Release|ARM.Build.0 = Release|Any CPU
		{38BC3BFF-45B2-441C-AC2B-0AC9A62CFA81}.Release|ARM64.ActiveCfg = Release|Any CPU
		{38BC3BFF-45B2-441C-AC2B-0AC9A62CFA81}.Release|ARM64.Build.0 = Release|Any CPU
		{38BC3BFF-45B2-441C-AC2B-0AC9A62CFA81}.Release|x64.ActiveCfg = Release|Any CPU
		{38BC3BFF-45B2-441C-AC2B-0AC9A62CFA81}.Release|x64.Build.0 = Release|Any CPU
		{38BC3BFF-45B2-441C-AC2B-0AC9A62CFA81}.Release|x86.ActiveCfg = Release|Any CPU
		{38BC3BFF-45B2-441C-AC2B-0AC9A62CFA81}.Release|x86.Build.0 = Release|Any CPU
		{EAF796D0-208F-42E7-9C43-E599E13869E4}.Debug|Any CPU.ActiveCfg = Debug|Any CPU
		{EAF796D0-208F-42E7-9C43-E599E13869E4}.Debug|Any CPU.Build.0 = Debug|Any CPU
		{EAF796D0-208F-42E7-9C43-E599E13869E4}.Debug|ARM.ActiveCfg = Debug|Any CPU
		{EAF796D0-208F-42E7-9C43-E599E13869E4}.Debug|ARM.Build.0 = Debug|Any CPU
		{EAF796D0-208F-42E7-9C43-E599E13869E4}.Debug|ARM64.ActiveCfg = Debug|Any CPU
		{EAF796D0-208F-42E7-9C43-E599E13869E4}.Debug|ARM64.Build.0 = Debug|Any CPU
		{EAF796D0-208F-42E7-9C43-E599E13869E4}.Debug|x64.ActiveCfg = Debug|Any CPU
		{EAF796D0-208F-42E7-9C43-E599E13869E4}.Debug|x64.Build.0 = Debug|Any CPU
		{EAF796D0-208F-42E7-9C43-E599E13869E4}.Debug|x86.ActiveCfg = Debug|Any CPU
		{EAF796D0-208F-42E7-9C43-E599E13869E4}.Debug|x86.Build.0 = Debug|Any CPU
		{EAF796D0-208F-42E7-9C43-E599E13869E4}.Release|Any CPU.ActiveCfg = Release|Any CPU
		{EAF796D0-208F-42E7-9C43-E599E13869E4}.Release|Any CPU.Build.0 = Release|Any CPU
		{EAF796D0-208F-42E7-9C43-E599E13869E4}.Release|ARM.ActiveCfg = Release|Any CPU
		{EAF796D0-208F-42E7-9C43-E599E13869E4}.Release|ARM.Build.0 = Release|Any CPU
		{EAF796D0-208F-42E7-9C43-E599E13869E4}.Release|ARM64.ActiveCfg = Release|Any CPU
		{EAF796D0-208F-42E7-9C43-E599E13869E4}.Release|ARM64.Build.0 = Release|Any CPU
		{EAF796D0-208F-42E7-9C43-E599E13869E4}.Release|x64.ActiveCfg = Release|Any CPU
		{EAF796D0-208F-42E7-9C43-E599E13869E4}.Release|x64.Build.0 = Release|Any CPU
		{EAF796D0-208F-42E7-9C43-E599E13869E4}.Release|x86.ActiveCfg = Release|Any CPU
		{EAF796D0-208F-42E7-9C43-E599E13869E4}.Release|x86.Build.0 = Release|Any CPU
		{52EE6C55-A36F-4682-8049-E09CC1E5E95A}.Debug|Any CPU.ActiveCfg = Debug|Any CPU
		{52EE6C55-A36F-4682-8049-E09CC1E5E95A}.Debug|Any CPU.Build.0 = Debug|Any CPU
		{52EE6C55-A36F-4682-8049-E09CC1E5E95A}.Debug|ARM.ActiveCfg = Debug|Any CPU
		{52EE6C55-A36F-4682-8049-E09CC1E5E95A}.Debug|ARM.Build.0 = Debug|Any CPU
		{52EE6C55-A36F-4682-8049-E09CC1E5E95A}.Debug|ARM64.ActiveCfg = Debug|Any CPU
		{52EE6C55-A36F-4682-8049-E09CC1E5E95A}.Debug|ARM64.Build.0 = Debug|Any CPU
		{52EE6C55-A36F-4682-8049-E09CC1E5E95A}.Debug|x64.ActiveCfg = Debug|Any CPU
		{52EE6C55-A36F-4682-8049-E09CC1E5E95A}.Debug|x64.Build.0 = Debug|Any CPU
		{52EE6C55-A36F-4682-8049-E09CC1E5E95A}.Debug|x86.ActiveCfg = Debug|Any CPU
		{52EE6C55-A36F-4682-8049-E09CC1E5E95A}.Debug|x86.Build.0 = Debug|Any CPU
		{52EE6C55-A36F-4682-8049-E09CC1E5E95A}.Release|Any CPU.ActiveCfg = Release|Any CPU
		{52EE6C55-A36F-4682-8049-E09CC1E5E95A}.Release|Any CPU.Build.0 = Release|Any CPU
		{52EE6C55-A36F-4682-8049-E09CC1E5E95A}.Release|ARM.ActiveCfg = Release|Any CPU
		{52EE6C55-A36F-4682-8049-E09CC1E5E95A}.Release|ARM.Build.0 = Release|Any CPU
		{52EE6C55-A36F-4682-8049-E09CC1E5E95A}.Release|ARM64.ActiveCfg = Release|Any CPU
		{52EE6C55-A36F-4682-8049-E09CC1E5E95A}.Release|ARM64.Build.0 = Release|Any CPU
		{52EE6C55-A36F-4682-8049-E09CC1E5E95A}.Release|x64.ActiveCfg = Release|Any CPU
		{52EE6C55-A36F-4682-8049-E09CC1E5E95A}.Release|x64.Build.0 = Release|Any CPU
		{52EE6C55-A36F-4682-8049-E09CC1E5E95A}.Release|x86.ActiveCfg = Release|Any CPU
		{52EE6C55-A36F-4682-8049-E09CC1E5E95A}.Release|x86.Build.0 = Release|Any CPU
		{732543B7-5EA6-47EE-A561-C1ECEB5AE5AD}.Debug|Any CPU.ActiveCfg = Debug|Any CPU
		{732543B7-5EA6-47EE-A561-C1ECEB5AE5AD}.Debug|Any CPU.Build.0 = Debug|Any CPU
		{732543B7-5EA6-47EE-A561-C1ECEB5AE5AD}.Debug|ARM.ActiveCfg = Debug|Any CPU
		{732543B7-5EA6-47EE-A561-C1ECEB5AE5AD}.Debug|ARM.Build.0 = Debug|Any CPU
		{732543B7-5EA6-47EE-A561-C1ECEB5AE5AD}.Debug|ARM64.ActiveCfg = Debug|Any CPU
		{732543B7-5EA6-47EE-A561-C1ECEB5AE5AD}.Debug|ARM64.Build.0 = Debug|Any CPU
		{732543B7-5EA6-47EE-A561-C1ECEB5AE5AD}.Debug|x64.ActiveCfg = Debug|Any CPU
		{732543B7-5EA6-47EE-A561-C1ECEB5AE5AD}.Debug|x64.Build.0 = Debug|Any CPU
		{732543B7-5EA6-47EE-A561-C1ECEB5AE5AD}.Debug|x86.ActiveCfg = Debug|Any CPU
		{732543B7-5EA6-47EE-A561-C1ECEB5AE5AD}.Debug|x86.Build.0 = Debug|Any CPU
		{732543B7-5EA6-47EE-A561-C1ECEB5AE5AD}.Release|Any CPU.ActiveCfg = Release|Any CPU
		{732543B7-5EA6-47EE-A561-C1ECEB5AE5AD}.Release|Any CPU.Build.0 = Release|Any CPU
		{732543B7-5EA6-47EE-A561-C1ECEB5AE5AD}.Release|ARM.ActiveCfg = Release|Any CPU
		{732543B7-5EA6-47EE-A561-C1ECEB5AE5AD}.Release|ARM.Build.0 = Release|Any CPU
		{732543B7-5EA6-47EE-A561-C1ECEB5AE5AD}.Release|ARM64.ActiveCfg = Release|Any CPU
		{732543B7-5EA6-47EE-A561-C1ECEB5AE5AD}.Release|ARM64.Build.0 = Release|Any CPU
		{732543B7-5EA6-47EE-A561-C1ECEB5AE5AD}.Release|x64.ActiveCfg = Release|Any CPU
		{732543B7-5EA6-47EE-A561-C1ECEB5AE5AD}.Release|x64.Build.0 = Release|Any CPU
		{732543B7-5EA6-47EE-A561-C1ECEB5AE5AD}.Release|x86.ActiveCfg = Release|Any CPU
		{732543B7-5EA6-47EE-A561-C1ECEB5AE5AD}.Release|x86.Build.0 = Release|Any CPU
		{364CF5EA-4ABA-45F9-BBEF-E1E0DBFA2823}.Debug|Any CPU.ActiveCfg = Debug|Any CPU
		{364CF5EA-4ABA-45F9-BBEF-E1E0DBFA2823}.Debug|Any CPU.Build.0 = Debug|Any CPU
		{364CF5EA-4ABA-45F9-BBEF-E1E0DBFA2823}.Debug|ARM.ActiveCfg = Debug|Any CPU
		{364CF5EA-4ABA-45F9-BBEF-E1E0DBFA2823}.Debug|ARM.Build.0 = Debug|Any CPU
		{364CF5EA-4ABA-45F9-BBEF-E1E0DBFA2823}.Debug|ARM64.ActiveCfg = Debug|Any CPU
		{364CF5EA-4ABA-45F9-BBEF-E1E0DBFA2823}.Debug|ARM64.Build.0 = Debug|Any CPU
		{364CF5EA-4ABA-45F9-BBEF-E1E0DBFA2823}.Debug|x64.ActiveCfg = Debug|Any CPU
		{364CF5EA-4ABA-45F9-BBEF-E1E0DBFA2823}.Debug|x64.Build.0 = Debug|Any CPU
		{364CF5EA-4ABA-45F9-BBEF-E1E0DBFA2823}.Debug|x86.ActiveCfg = Debug|Any CPU
		{364CF5EA-4ABA-45F9-BBEF-E1E0DBFA2823}.Debug|x86.Build.0 = Debug|Any CPU
		{364CF5EA-4ABA-45F9-BBEF-E1E0DBFA2823}.Release|Any CPU.ActiveCfg = Release|Any CPU
		{364CF5EA-4ABA-45F9-BBEF-E1E0DBFA2823}.Release|Any CPU.Build.0 = Release|Any CPU
		{364CF5EA-4ABA-45F9-BBEF-E1E0DBFA2823}.Release|ARM.ActiveCfg = Release|Any CPU
		{364CF5EA-4ABA-45F9-BBEF-E1E0DBFA2823}.Release|ARM.Build.0 = Release|Any CPU
		{364CF5EA-4ABA-45F9-BBEF-E1E0DBFA2823}.Release|ARM64.ActiveCfg = Release|Any CPU
		{364CF5EA-4ABA-45F9-BBEF-E1E0DBFA2823}.Release|ARM64.Build.0 = Release|Any CPU
		{364CF5EA-4ABA-45F9-BBEF-E1E0DBFA2823}.Release|x64.ActiveCfg = Release|Any CPU
		{364CF5EA-4ABA-45F9-BBEF-E1E0DBFA2823}.Release|x64.Build.0 = Release|Any CPU
		{364CF5EA-4ABA-45F9-BBEF-E1E0DBFA2823}.Release|x86.ActiveCfg = Release|Any CPU
		{364CF5EA-4ABA-45F9-BBEF-E1E0DBFA2823}.Release|x86.Build.0 = Release|Any CPU
		{BEBB508D-6392-4DA0-8FAB-16957B815EA1}.Debug|Any CPU.ActiveCfg = Debug|Any CPU
		{BEBB508D-6392-4DA0-8FAB-16957B815EA1}.Debug|Any CPU.Build.0 = Debug|Any CPU
		{BEBB508D-6392-4DA0-8FAB-16957B815EA1}.Debug|ARM.ActiveCfg = Debug|Any CPU
		{BEBB508D-6392-4DA0-8FAB-16957B815EA1}.Debug|ARM.Build.0 = Debug|Any CPU
		{BEBB508D-6392-4DA0-8FAB-16957B815EA1}.Debug|ARM64.ActiveCfg = Debug|Any CPU
		{BEBB508D-6392-4DA0-8FAB-16957B815EA1}.Debug|ARM64.Build.0 = Debug|Any CPU
		{BEBB508D-6392-4DA0-8FAB-16957B815EA1}.Debug|x64.ActiveCfg = Debug|Any CPU
		{BEBB508D-6392-4DA0-8FAB-16957B815EA1}.Debug|x64.Build.0 = Debug|Any CPU
		{BEBB508D-6392-4DA0-8FAB-16957B815EA1}.Debug|x86.ActiveCfg = Debug|Any CPU
		{BEBB508D-6392-4DA0-8FAB-16957B815EA1}.Debug|x86.Build.0 = Debug|Any CPU
		{BEBB508D-6392-4DA0-8FAB-16957B815EA1}.Release|Any CPU.ActiveCfg = Release|Any CPU
		{BEBB508D-6392-4DA0-8FAB-16957B815EA1}.Release|Any CPU.Build.0 = Release|Any CPU
		{BEBB508D-6392-4DA0-8FAB-16957B815EA1}.Release|ARM.ActiveCfg = Release|Any CPU
		{BEBB508D-6392-4DA0-8FAB-16957B815EA1}.Release|ARM.Build.0 = Release|Any CPU
		{BEBB508D-6392-4DA0-8FAB-16957B815EA1}.Release|ARM64.ActiveCfg = Release|Any CPU
		{BEBB508D-6392-4DA0-8FAB-16957B815EA1}.Release|ARM64.Build.0 = Release|Any CPU
		{BEBB508D-6392-4DA0-8FAB-16957B815EA1}.Release|x64.ActiveCfg = Release|Any CPU
		{BEBB508D-6392-4DA0-8FAB-16957B815EA1}.Release|x64.Build.0 = Release|Any CPU
		{BEBB508D-6392-4DA0-8FAB-16957B815EA1}.Release|x86.ActiveCfg = Release|Any CPU
		{BEBB508D-6392-4DA0-8FAB-16957B815EA1}.Release|x86.Build.0 = Release|Any CPU
		{6EDE1001-E445-47B1-91F4-30F91422D326}.Debug|Any CPU.ActiveCfg = Debug|Any CPU
		{6EDE1001-E445-47B1-91F4-30F91422D326}.Debug|Any CPU.Build.0 = Debug|Any CPU
		{6EDE1001-E445-47B1-91F4-30F91422D326}.Debug|ARM.ActiveCfg = Debug|Any CPU
		{6EDE1001-E445-47B1-91F4-30F91422D326}.Debug|ARM.Build.0 = Debug|Any CPU
		{6EDE1001-E445-47B1-91F4-30F91422D326}.Debug|ARM64.ActiveCfg = Debug|Any CPU
		{6EDE1001-E445-47B1-91F4-30F91422D326}.Debug|ARM64.Build.0 = Debug|Any CPU
		{6EDE1001-E445-47B1-91F4-30F91422D326}.Debug|x64.ActiveCfg = Debug|Any CPU
		{6EDE1001-E445-47B1-91F4-30F91422D326}.Debug|x64.Build.0 = Debug|Any CPU
		{6EDE1001-E445-47B1-91F4-30F91422D326}.Debug|x86.ActiveCfg = Debug|Any CPU
		{6EDE1001-E445-47B1-91F4-30F91422D326}.Debug|x86.Build.0 = Debug|Any CPU
		{6EDE1001-E445-47B1-91F4-30F91422D326}.Release|Any CPU.ActiveCfg = Release|Any CPU
		{6EDE1001-E445-47B1-91F4-30F91422D326}.Release|Any CPU.Build.0 = Release|Any CPU
		{6EDE1001-E445-47B1-91F4-30F91422D326}.Release|ARM.ActiveCfg = Release|Any CPU
		{6EDE1001-E445-47B1-91F4-30F91422D326}.Release|ARM.Build.0 = Release|Any CPU
		{6EDE1001-E445-47B1-91F4-30F91422D326}.Release|ARM64.ActiveCfg = Release|Any CPU
		{6EDE1001-E445-47B1-91F4-30F91422D326}.Release|ARM64.Build.0 = Release|Any CPU
		{6EDE1001-E445-47B1-91F4-30F91422D326}.Release|x64.ActiveCfg = Release|Any CPU
		{6EDE1001-E445-47B1-91F4-30F91422D326}.Release|x64.Build.0 = Release|Any CPU
		{6EDE1001-E445-47B1-91F4-30F91422D326}.Release|x86.ActiveCfg = Release|Any CPU
		{6EDE1001-E445-47B1-91F4-30F91422D326}.Release|x86.Build.0 = Release|Any CPU
		{6C4AB3DF-3AE3-4E41-8DFF-9CE6045F9B2B}.Debug|Any CPU.ActiveCfg = Debug|Any CPU
		{6C4AB3DF-3AE3-4E41-8DFF-9CE6045F9B2B}.Debug|Any CPU.Build.0 = Debug|Any CPU
		{6C4AB3DF-3AE3-4E41-8DFF-9CE6045F9B2B}.Debug|ARM.ActiveCfg = Debug|Any CPU
		{6C4AB3DF-3AE3-4E41-8DFF-9CE6045F9B2B}.Debug|ARM.Build.0 = Debug|Any CPU
		{6C4AB3DF-3AE3-4E41-8DFF-9CE6045F9B2B}.Debug|ARM64.ActiveCfg = Debug|Any CPU
		{6C4AB3DF-3AE3-4E41-8DFF-9CE6045F9B2B}.Debug|ARM64.Build.0 = Debug|Any CPU
		{6C4AB3DF-3AE3-4E41-8DFF-9CE6045F9B2B}.Debug|x64.ActiveCfg = Debug|Any CPU
		{6C4AB3DF-3AE3-4E41-8DFF-9CE6045F9B2B}.Debug|x64.Build.0 = Debug|Any CPU
		{6C4AB3DF-3AE3-4E41-8DFF-9CE6045F9B2B}.Debug|x86.ActiveCfg = Debug|Any CPU
		{6C4AB3DF-3AE3-4E41-8DFF-9CE6045F9B2B}.Debug|x86.Build.0 = Debug|Any CPU
		{6C4AB3DF-3AE3-4E41-8DFF-9CE6045F9B2B}.Release|Any CPU.ActiveCfg = Release|Any CPU
		{6C4AB3DF-3AE3-4E41-8DFF-9CE6045F9B2B}.Release|Any CPU.Build.0 = Release|Any CPU
		{6C4AB3DF-3AE3-4E41-8DFF-9CE6045F9B2B}.Release|ARM.ActiveCfg = Release|Any CPU
		{6C4AB3DF-3AE3-4E41-8DFF-9CE6045F9B2B}.Release|ARM.Build.0 = Release|Any CPU
		{6C4AB3DF-3AE3-4E41-8DFF-9CE6045F9B2B}.Release|ARM64.ActiveCfg = Release|Any CPU
		{6C4AB3DF-3AE3-4E41-8DFF-9CE6045F9B2B}.Release|ARM64.Build.0 = Release|Any CPU
		{6C4AB3DF-3AE3-4E41-8DFF-9CE6045F9B2B}.Release|x64.ActiveCfg = Release|Any CPU
		{6C4AB3DF-3AE3-4E41-8DFF-9CE6045F9B2B}.Release|x64.Build.0 = Release|Any CPU
		{6C4AB3DF-3AE3-4E41-8DFF-9CE6045F9B2B}.Release|x86.ActiveCfg = Release|Any CPU
		{6C4AB3DF-3AE3-4E41-8DFF-9CE6045F9B2B}.Release|x86.Build.0 = Release|Any CPU
		{6B3195C8-9CA5-401B-BE0E-30891F6D2FBD}.Debug|Any CPU.ActiveCfg = Debug|Any CPU
		{6B3195C8-9CA5-401B-BE0E-30891F6D2FBD}.Debug|Any CPU.Build.0 = Debug|Any CPU
		{6B3195C8-9CA5-401B-BE0E-30891F6D2FBD}.Debug|ARM.ActiveCfg = Debug|Any CPU
		{6B3195C8-9CA5-401B-BE0E-30891F6D2FBD}.Debug|ARM.Build.0 = Debug|Any CPU
		{6B3195C8-9CA5-401B-BE0E-30891F6D2FBD}.Debug|ARM64.ActiveCfg = Debug|Any CPU
		{6B3195C8-9CA5-401B-BE0E-30891F6D2FBD}.Debug|ARM64.Build.0 = Debug|Any CPU
		{6B3195C8-9CA5-401B-BE0E-30891F6D2FBD}.Debug|x64.ActiveCfg = Debug|Any CPU
		{6B3195C8-9CA5-401B-BE0E-30891F6D2FBD}.Debug|x64.Build.0 = Debug|Any CPU
		{6B3195C8-9CA5-401B-BE0E-30891F6D2FBD}.Debug|x86.ActiveCfg = Debug|Any CPU
		{6B3195C8-9CA5-401B-BE0E-30891F6D2FBD}.Debug|x86.Build.0 = Debug|Any CPU
		{6B3195C8-9CA5-401B-BE0E-30891F6D2FBD}.Release|Any CPU.ActiveCfg = Release|Any CPU
		{6B3195C8-9CA5-401B-BE0E-30891F6D2FBD}.Release|Any CPU.Build.0 = Release|Any CPU
		{6B3195C8-9CA5-401B-BE0E-30891F6D2FBD}.Release|ARM.ActiveCfg = Release|Any CPU
		{6B3195C8-9CA5-401B-BE0E-30891F6D2FBD}.Release|ARM.Build.0 = Release|Any CPU
		{6B3195C8-9CA5-401B-BE0E-30891F6D2FBD}.Release|ARM64.ActiveCfg = Release|Any CPU
		{6B3195C8-9CA5-401B-BE0E-30891F6D2FBD}.Release|ARM64.Build.0 = Release|Any CPU
		{6B3195C8-9CA5-401B-BE0E-30891F6D2FBD}.Release|x64.ActiveCfg = Release|Any CPU
		{6B3195C8-9CA5-401B-BE0E-30891F6D2FBD}.Release|x64.Build.0 = Release|Any CPU
		{6B3195C8-9CA5-401B-BE0E-30891F6D2FBD}.Release|x86.ActiveCfg = Release|Any CPU
		{6B3195C8-9CA5-401B-BE0E-30891F6D2FBD}.Release|x86.Build.0 = Release|Any CPU
		{8F6A374F-D97F-4834-B9B3-A4BC38DF26D8}.Debug|Any CPU.ActiveCfg = Debug|Any CPU
		{8F6A374F-D97F-4834-B9B3-A4BC38DF26D8}.Debug|Any CPU.Build.0 = Debug|Any CPU
		{8F6A374F-D97F-4834-B9B3-A4BC38DF26D8}.Debug|ARM.ActiveCfg = Debug|Any CPU
		{8F6A374F-D97F-4834-B9B3-A4BC38DF26D8}.Debug|ARM.Build.0 = Debug|Any CPU
		{8F6A374F-D97F-4834-B9B3-A4BC38DF26D8}.Debug|ARM64.ActiveCfg = Debug|Any CPU
		{8F6A374F-D97F-4834-B9B3-A4BC38DF26D8}.Debug|ARM64.Build.0 = Debug|Any CPU
		{8F6A374F-D97F-4834-B9B3-A4BC38DF26D8}.Debug|x64.ActiveCfg = Debug|Any CPU
		{8F6A374F-D97F-4834-B9B3-A4BC38DF26D8}.Debug|x64.Build.0 = Debug|Any CPU
		{8F6A374F-D97F-4834-B9B3-A4BC38DF26D8}.Debug|x86.ActiveCfg = Debug|Any CPU
		{8F6A374F-D97F-4834-B9B3-A4BC38DF26D8}.Debug|x86.Build.0 = Debug|Any CPU
		{8F6A374F-D97F-4834-B9B3-A4BC38DF26D8}.Release|Any CPU.ActiveCfg = Release|Any CPU
		{8F6A374F-D97F-4834-B9B3-A4BC38DF26D8}.Release|Any CPU.Build.0 = Release|Any CPU
		{8F6A374F-D97F-4834-B9B3-A4BC38DF26D8}.Release|ARM.ActiveCfg = Release|Any CPU
		{8F6A374F-D97F-4834-B9B3-A4BC38DF26D8}.Release|ARM.Build.0 = Release|Any CPU
		{8F6A374F-D97F-4834-B9B3-A4BC38DF26D8}.Release|ARM64.ActiveCfg = Release|Any CPU
		{8F6A374F-D97F-4834-B9B3-A4BC38DF26D8}.Release|ARM64.Build.0 = Release|Any CPU
		{8F6A374F-D97F-4834-B9B3-A4BC38DF26D8}.Release|x64.ActiveCfg = Release|Any CPU
		{8F6A374F-D97F-4834-B9B3-A4BC38DF26D8}.Release|x64.Build.0 = Release|Any CPU
		{8F6A374F-D97F-4834-B9B3-A4BC38DF26D8}.Release|x86.ActiveCfg = Release|Any CPU
		{8F6A374F-D97F-4834-B9B3-A4BC38DF26D8}.Release|x86.Build.0 = Release|Any CPU
		{E8AD345A-9C58-4D59-9B09-3EE046A9F452}.Debug|Any CPU.ActiveCfg = Debug|Any CPU
		{E8AD345A-9C58-4D59-9B09-3EE046A9F452}.Debug|Any CPU.Build.0 = Debug|Any CPU
		{E8AD345A-9C58-4D59-9B09-3EE046A9F452}.Debug|ARM.ActiveCfg = Debug|Any CPU
		{E8AD345A-9C58-4D59-9B09-3EE046A9F452}.Debug|ARM.Build.0 = Debug|Any CPU
		{E8AD345A-9C58-4D59-9B09-3EE046A9F452}.Debug|ARM64.ActiveCfg = Debug|Any CPU
		{E8AD345A-9C58-4D59-9B09-3EE046A9F452}.Debug|ARM64.Build.0 = Debug|Any CPU
		{E8AD345A-9C58-4D59-9B09-3EE046A9F452}.Debug|x64.ActiveCfg = Debug|Any CPU
		{E8AD345A-9C58-4D59-9B09-3EE046A9F452}.Debug|x64.Build.0 = Debug|Any CPU
		{E8AD345A-9C58-4D59-9B09-3EE046A9F452}.Debug|x86.ActiveCfg = Debug|Any CPU
		{E8AD345A-9C58-4D59-9B09-3EE046A9F452}.Debug|x86.Build.0 = Debug|Any CPU
		{E8AD345A-9C58-4D59-9B09-3EE046A9F452}.Release|Any CPU.ActiveCfg = Release|Any CPU
		{E8AD345A-9C58-4D59-9B09-3EE046A9F452}.Release|Any CPU.Build.0 = Release|Any CPU
		{E8AD345A-9C58-4D59-9B09-3EE046A9F452}.Release|ARM.ActiveCfg = Release|Any CPU
		{E8AD345A-9C58-4D59-9B09-3EE046A9F452}.Release|ARM.Build.0 = Release|Any CPU
		{E8AD345A-9C58-4D59-9B09-3EE046A9F452}.Release|ARM64.ActiveCfg = Release|Any CPU
		{E8AD345A-9C58-4D59-9B09-3EE046A9F452}.Release|ARM64.Build.0 = Release|Any CPU
		{E8AD345A-9C58-4D59-9B09-3EE046A9F452}.Release|x64.ActiveCfg = Release|Any CPU
		{E8AD345A-9C58-4D59-9B09-3EE046A9F452}.Release|x64.Build.0 = Release|Any CPU
		{E8AD345A-9C58-4D59-9B09-3EE046A9F452}.Release|x86.ActiveCfg = Release|Any CPU
		{E8AD345A-9C58-4D59-9B09-3EE046A9F452}.Release|x86.Build.0 = Release|Any CPU
		{BB8D2BD0-D022-4BF4-A83C-CCA15B07F79E}.Debug|Any CPU.ActiveCfg = Debug|Any CPU
		{BB8D2BD0-D022-4BF4-A83C-CCA15B07F79E}.Debug|Any CPU.Build.0 = Debug|Any CPU
		{BB8D2BD0-D022-4BF4-A83C-CCA15B07F79E}.Debug|ARM.ActiveCfg = Debug|Any CPU
		{BB8D2BD0-D022-4BF4-A83C-CCA15B07F79E}.Debug|ARM.Build.0 = Debug|Any CPU
		{BB8D2BD0-D022-4BF4-A83C-CCA15B07F79E}.Debug|ARM64.ActiveCfg = Debug|Any CPU
		{BB8D2BD0-D022-4BF4-A83C-CCA15B07F79E}.Debug|ARM64.Build.0 = Debug|Any CPU
		{BB8D2BD0-D022-4BF4-A83C-CCA15B07F79E}.Debug|x64.ActiveCfg = Debug|Any CPU
		{BB8D2BD0-D022-4BF4-A83C-CCA15B07F79E}.Debug|x64.Build.0 = Debug|Any CPU
		{BB8D2BD0-D022-4BF4-A83C-CCA15B07F79E}.Debug|x86.ActiveCfg = Debug|Any CPU
		{BB8D2BD0-D022-4BF4-A83C-CCA15B07F79E}.Debug|x86.Build.0 = Debug|Any CPU
		{BB8D2BD0-D022-4BF4-A83C-CCA15B07F79E}.Release|Any CPU.ActiveCfg = Release|Any CPU
		{BB8D2BD0-D022-4BF4-A83C-CCA15B07F79E}.Release|Any CPU.Build.0 = Release|Any CPU
		{BB8D2BD0-D022-4BF4-A83C-CCA15B07F79E}.Release|ARM.ActiveCfg = Release|Any CPU
		{BB8D2BD0-D022-4BF4-A83C-CCA15B07F79E}.Release|ARM.Build.0 = Release|Any CPU
		{BB8D2BD0-D022-4BF4-A83C-CCA15B07F79E}.Release|ARM64.ActiveCfg = Release|Any CPU
		{BB8D2BD0-D022-4BF4-A83C-CCA15B07F79E}.Release|ARM64.Build.0 = Release|Any CPU
		{BB8D2BD0-D022-4BF4-A83C-CCA15B07F79E}.Release|x64.ActiveCfg = Release|Any CPU
		{BB8D2BD0-D022-4BF4-A83C-CCA15B07F79E}.Release|x64.Build.0 = Release|Any CPU
		{BB8D2BD0-D022-4BF4-A83C-CCA15B07F79E}.Release|x86.ActiveCfg = Release|Any CPU
		{BB8D2BD0-D022-4BF4-A83C-CCA15B07F79E}.Release|x86.Build.0 = Release|Any CPU
		{8DD44B98-19BF-4858-9ECA-65A42A6A0FC8}.Debug|Any CPU.ActiveCfg = Debug|x64
		{8DD44B98-19BF-4858-9ECA-65A42A6A0FC8}.Debug|Any CPU.Build.0 = Debug|x64
		{8DD44B98-19BF-4858-9ECA-65A42A6A0FC8}.Debug|ARM.ActiveCfg = Debug|ARM
		{8DD44B98-19BF-4858-9ECA-65A42A6A0FC8}.Debug|ARM.Build.0 = Debug|ARM
		{8DD44B98-19BF-4858-9ECA-65A42A6A0FC8}.Debug|ARM.Deploy.0 = Debug|ARM
		{8DD44B98-19BF-4858-9ECA-65A42A6A0FC8}.Debug|ARM64.ActiveCfg = Debug|ARM64
		{8DD44B98-19BF-4858-9ECA-65A42A6A0FC8}.Debug|ARM64.Build.0 = Debug|ARM64
		{8DD44B98-19BF-4858-9ECA-65A42A6A0FC8}.Debug|ARM64.Deploy.0 = Debug|ARM64
		{8DD44B98-19BF-4858-9ECA-65A42A6A0FC8}.Debug|x64.ActiveCfg = Debug|x64
		{8DD44B98-19BF-4858-9ECA-65A42A6A0FC8}.Debug|x64.Build.0 = Debug|x64
		{8DD44B98-19BF-4858-9ECA-65A42A6A0FC8}.Debug|x64.Deploy.0 = Debug|x64
		{8DD44B98-19BF-4858-9ECA-65A42A6A0FC8}.Debug|x86.ActiveCfg = Debug|x86
		{8DD44B98-19BF-4858-9ECA-65A42A6A0FC8}.Debug|x86.Build.0 = Debug|x86
		{8DD44B98-19BF-4858-9ECA-65A42A6A0FC8}.Debug|x86.Deploy.0 = Debug|x86
		{8DD44B98-19BF-4858-9ECA-65A42A6A0FC8}.Release|Any CPU.ActiveCfg = Release|x64
		{8DD44B98-19BF-4858-9ECA-65A42A6A0FC8}.Release|Any CPU.Build.0 = Release|x64
		{8DD44B98-19BF-4858-9ECA-65A42A6A0FC8}.Release|Any CPU.Deploy.0 = Release|x64
		{8DD44B98-19BF-4858-9ECA-65A42A6A0FC8}.Release|ARM.ActiveCfg = Release|ARM
		{8DD44B98-19BF-4858-9ECA-65A42A6A0FC8}.Release|ARM.Build.0 = Release|ARM
		{8DD44B98-19BF-4858-9ECA-65A42A6A0FC8}.Release|ARM.Deploy.0 = Release|ARM
		{8DD44B98-19BF-4858-9ECA-65A42A6A0FC8}.Release|ARM64.ActiveCfg = Release|ARM64
		{8DD44B98-19BF-4858-9ECA-65A42A6A0FC8}.Release|ARM64.Build.0 = Release|ARM64
		{8DD44B98-19BF-4858-9ECA-65A42A6A0FC8}.Release|ARM64.Deploy.0 = Release|ARM64
		{8DD44B98-19BF-4858-9ECA-65A42A6A0FC8}.Release|x64.ActiveCfg = Release|x64
		{8DD44B98-19BF-4858-9ECA-65A42A6A0FC8}.Release|x64.Build.0 = Release|x64
		{8DD44B98-19BF-4858-9ECA-65A42A6A0FC8}.Release|x64.Deploy.0 = Release|x64
		{8DD44B98-19BF-4858-9ECA-65A42A6A0FC8}.Release|x86.ActiveCfg = Release|x86
		{8DD44B98-19BF-4858-9ECA-65A42A6A0FC8}.Release|x86.Build.0 = Release|x86
		{8DD44B98-19BF-4858-9ECA-65A42A6A0FC8}.Release|x86.Deploy.0 = Release|x86
		{20CCA53B-F063-4A97-99C1-DB973027A176}.Debug|Any CPU.ActiveCfg = Debug|Any CPU
		{20CCA53B-F063-4A97-99C1-DB973027A176}.Debug|Any CPU.Build.0 = Debug|Any CPU
		{20CCA53B-F063-4A97-99C1-DB973027A176}.Debug|ARM.ActiveCfg = Debug|ARM
		{20CCA53B-F063-4A97-99C1-DB973027A176}.Debug|ARM.Build.0 = Debug|ARM
		{20CCA53B-F063-4A97-99C1-DB973027A176}.Debug|ARM64.ActiveCfg = Debug|ARM64
		{20CCA53B-F063-4A97-99C1-DB973027A176}.Debug|ARM64.Build.0 = Debug|ARM64
		{20CCA53B-F063-4A97-99C1-DB973027A176}.Debug|x64.ActiveCfg = Debug|x64
		{20CCA53B-F063-4A97-99C1-DB973027A176}.Debug|x64.Build.0 = Debug|x64
		{20CCA53B-F063-4A97-99C1-DB973027A176}.Debug|x86.ActiveCfg = Debug|x86
		{20CCA53B-F063-4A97-99C1-DB973027A176}.Debug|x86.Build.0 = Debug|x86
		{20CCA53B-F063-4A97-99C1-DB973027A176}.Release|Any CPU.ActiveCfg = Release|Any CPU
		{20CCA53B-F063-4A97-99C1-DB973027A176}.Release|Any CPU.Build.0 = Release|Any CPU
		{20CCA53B-F063-4A97-99C1-DB973027A176}.Release|ARM.ActiveCfg = Release|ARM
		{20CCA53B-F063-4A97-99C1-DB973027A176}.Release|ARM.Build.0 = Release|ARM
		{20CCA53B-F063-4A97-99C1-DB973027A176}.Release|ARM64.ActiveCfg = Release|ARM64
		{20CCA53B-F063-4A97-99C1-DB973027A176}.Release|ARM64.Build.0 = Release|ARM64
		{20CCA53B-F063-4A97-99C1-DB973027A176}.Release|x64.ActiveCfg = Release|x64
		{20CCA53B-F063-4A97-99C1-DB973027A176}.Release|x64.Build.0 = Release|x64
		{20CCA53B-F063-4A97-99C1-DB973027A176}.Release|x86.ActiveCfg = Release|x86
		{20CCA53B-F063-4A97-99C1-DB973027A176}.Release|x86.Build.0 = Release|x86
		{5249E7B4-3BB5-4D5E-A6F4-217EB93D8D48}.Debug|Any CPU.ActiveCfg = Debug|Any CPU
		{5249E7B4-3BB5-4D5E-A6F4-217EB93D8D48}.Debug|Any CPU.Build.0 = Debug|Any CPU
		{5249E7B4-3BB5-4D5E-A6F4-217EB93D8D48}.Debug|ARM.ActiveCfg = Debug|Any CPU
		{5249E7B4-3BB5-4D5E-A6F4-217EB93D8D48}.Debug|ARM.Build.0 = Debug|Any CPU
		{5249E7B4-3BB5-4D5E-A6F4-217EB93D8D48}.Debug|ARM64.ActiveCfg = Debug|Any CPU
		{5249E7B4-3BB5-4D5E-A6F4-217EB93D8D48}.Debug|ARM64.Build.0 = Debug|Any CPU
		{5249E7B4-3BB5-4D5E-A6F4-217EB93D8D48}.Debug|x64.ActiveCfg = Debug|Any CPU
		{5249E7B4-3BB5-4D5E-A6F4-217EB93D8D48}.Debug|x64.Build.0 = Debug|Any CPU
		{5249E7B4-3BB5-4D5E-A6F4-217EB93D8D48}.Debug|x86.ActiveCfg = Debug|Any CPU
		{5249E7B4-3BB5-4D5E-A6F4-217EB93D8D48}.Debug|x86.Build.0 = Debug|Any CPU
		{5249E7B4-3BB5-4D5E-A6F4-217EB93D8D48}.Release|Any CPU.ActiveCfg = Release|Any CPU
		{5249E7B4-3BB5-4D5E-A6F4-217EB93D8D48}.Release|Any CPU.Build.0 = Release|Any CPU
		{5249E7B4-3BB5-4D5E-A6F4-217EB93D8D48}.Release|ARM.ActiveCfg = Release|Any CPU
		{5249E7B4-3BB5-4D5E-A6F4-217EB93D8D48}.Release|ARM.Build.0 = Release|Any CPU
		{5249E7B4-3BB5-4D5E-A6F4-217EB93D8D48}.Release|ARM64.ActiveCfg = Release|Any CPU
		{5249E7B4-3BB5-4D5E-A6F4-217EB93D8D48}.Release|ARM64.Build.0 = Release|Any CPU
		{5249E7B4-3BB5-4D5E-A6F4-217EB93D8D48}.Release|x64.ActiveCfg = Release|Any CPU
		{5249E7B4-3BB5-4D5E-A6F4-217EB93D8D48}.Release|x64.Build.0 = Release|Any CPU
		{5249E7B4-3BB5-4D5E-A6F4-217EB93D8D48}.Release|x86.ActiveCfg = Release|Any CPU
		{5249E7B4-3BB5-4D5E-A6F4-217EB93D8D48}.Release|x86.Build.0 = Release|Any CPU
		{233B59DA-09FD-4FC6-90E4-29DBD58BD1D9}.Debug|Any CPU.ActiveCfg = Debug|Any CPU
		{233B59DA-09FD-4FC6-90E4-29DBD58BD1D9}.Debug|Any CPU.Build.0 = Debug|Any CPU
		{233B59DA-09FD-4FC6-90E4-29DBD58BD1D9}.Debug|ARM.ActiveCfg = Debug|Any CPU
		{233B59DA-09FD-4FC6-90E4-29DBD58BD1D9}.Debug|ARM.Build.0 = Debug|Any CPU
		{233B59DA-09FD-4FC6-90E4-29DBD58BD1D9}.Debug|ARM64.ActiveCfg = Debug|Any CPU
		{233B59DA-09FD-4FC6-90E4-29DBD58BD1D9}.Debug|ARM64.Build.0 = Debug|Any CPU
		{233B59DA-09FD-4FC6-90E4-29DBD58BD1D9}.Debug|x64.ActiveCfg = Debug|Any CPU
		{233B59DA-09FD-4FC6-90E4-29DBD58BD1D9}.Debug|x64.Build.0 = Debug|Any CPU
		{233B59DA-09FD-4FC6-90E4-29DBD58BD1D9}.Debug|x86.ActiveCfg = Debug|Any CPU
		{233B59DA-09FD-4FC6-90E4-29DBD58BD1D9}.Debug|x86.Build.0 = Debug|Any CPU
		{233B59DA-09FD-4FC6-90E4-29DBD58BD1D9}.Release|Any CPU.ActiveCfg = Release|Any CPU
		{233B59DA-09FD-4FC6-90E4-29DBD58BD1D9}.Release|Any CPU.Build.0 = Release|Any CPU
		{233B59DA-09FD-4FC6-90E4-29DBD58BD1D9}.Release|ARM.ActiveCfg = Release|Any CPU
		{233B59DA-09FD-4FC6-90E4-29DBD58BD1D9}.Release|ARM.Build.0 = Release|Any CPU
		{233B59DA-09FD-4FC6-90E4-29DBD58BD1D9}.Release|ARM64.ActiveCfg = Release|Any CPU
		{233B59DA-09FD-4FC6-90E4-29DBD58BD1D9}.Release|ARM64.Build.0 = Release|Any CPU
		{233B59DA-09FD-4FC6-90E4-29DBD58BD1D9}.Release|x64.ActiveCfg = Release|Any CPU
		{233B59DA-09FD-4FC6-90E4-29DBD58BD1D9}.Release|x64.Build.0 = Release|Any CPU
		{233B59DA-09FD-4FC6-90E4-29DBD58BD1D9}.Release|x86.ActiveCfg = Release|Any CPU
		{233B59DA-09FD-4FC6-90E4-29DBD58BD1D9}.Release|x86.Build.0 = Release|Any CPU
		{E0056D6E-4663-4A8E-B6B7-9F120DD7EC6F}.Debug|Any CPU.ActiveCfg = Debug|Any CPU
		{E0056D6E-4663-4A8E-B6B7-9F120DD7EC6F}.Debug|Any CPU.Build.0 = Debug|Any CPU
		{E0056D6E-4663-4A8E-B6B7-9F120DD7EC6F}.Debug|ARM.ActiveCfg = Debug|Any CPU
		{E0056D6E-4663-4A8E-B6B7-9F120DD7EC6F}.Debug|ARM.Build.0 = Debug|Any CPU
		{E0056D6E-4663-4A8E-B6B7-9F120DD7EC6F}.Debug|ARM64.ActiveCfg = Debug|Any CPU
		{E0056D6E-4663-4A8E-B6B7-9F120DD7EC6F}.Debug|ARM64.Build.0 = Debug|Any CPU
		{E0056D6E-4663-4A8E-B6B7-9F120DD7EC6F}.Debug|x64.ActiveCfg = Debug|Any CPU
		{E0056D6E-4663-4A8E-B6B7-9F120DD7EC6F}.Debug|x64.Build.0 = Debug|Any CPU
		{E0056D6E-4663-4A8E-B6B7-9F120DD7EC6F}.Debug|x86.ActiveCfg = Debug|Any CPU
		{E0056D6E-4663-4A8E-B6B7-9F120DD7EC6F}.Debug|x86.Build.0 = Debug|Any CPU
		{E0056D6E-4663-4A8E-B6B7-9F120DD7EC6F}.Release|Any CPU.ActiveCfg = Release|Any CPU
		{E0056D6E-4663-4A8E-B6B7-9F120DD7EC6F}.Release|Any CPU.Build.0 = Release|Any CPU
		{E0056D6E-4663-4A8E-B6B7-9F120DD7EC6F}.Release|ARM.ActiveCfg = Release|Any CPU
		{E0056D6E-4663-4A8E-B6B7-9F120DD7EC6F}.Release|ARM.Build.0 = Release|Any CPU
		{E0056D6E-4663-4A8E-B6B7-9F120DD7EC6F}.Release|ARM64.ActiveCfg = Release|Any CPU
		{E0056D6E-4663-4A8E-B6B7-9F120DD7EC6F}.Release|ARM64.Build.0 = Release|Any CPU
		{E0056D6E-4663-4A8E-B6B7-9F120DD7EC6F}.Release|x64.ActiveCfg = Release|Any CPU
		{E0056D6E-4663-4A8E-B6B7-9F120DD7EC6F}.Release|x64.Build.0 = Release|Any CPU
		{E0056D6E-4663-4A8E-B6B7-9F120DD7EC6F}.Release|x86.ActiveCfg = Release|Any CPU
		{E0056D6E-4663-4A8E-B6B7-9F120DD7EC6F}.Release|x86.Build.0 = Release|Any CPU
	EndGlobalSection
	GlobalSection(SolutionProperties) = preSolution
		HideSolutionNode = FALSE
	EndGlobalSection
	GlobalSection(NestedProjects) = preSolution
		{1941A5DC-3865-47DB-A034-2525D1EB5397} = {14C1BD9E-8DE9-42D7-9CB3-C5D1459EF65E}
		{1514FF60-C0C4-41B3-8261-09C1E930B60B} = {14C1BD9E-8DE9-42D7-9CB3-C5D1459EF65E}
		{A815C591-21BD-4819-B01B-257D517A91D6} = {14C1BD9E-8DE9-42D7-9CB3-C5D1459EF65E}
		{4A3ED058-C9EA-4301-9315-84B0FD47DF0B} = {14C1BD9E-8DE9-42D7-9CB3-C5D1459EF65E}
		{256FD058-52C6-4561-8C94-6767A4AB7DB5} = {14C1BD9E-8DE9-42D7-9CB3-C5D1459EF65E}
		{AF4670BA-4279-4013-8FDE-2BAB206A0E8F} = {14C1BD9E-8DE9-42D7-9CB3-C5D1459EF65E}
		{F3B26C76-60A1-48CC-90F2-DE557669398B} = {14C1BD9E-8DE9-42D7-9CB3-C5D1459EF65E}
		{7C3FC4BB-4C15-4E2B-A970-B08A7EAA5053} = {14C1BD9E-8DE9-42D7-9CB3-C5D1459EF65E}
		{B5444160-B6BB-467A-B2E1-387514265A5A} = {14C1BD9E-8DE9-42D7-9CB3-C5D1459EF65E}
		{EDFAD80E-574D-4E97-A988-AC94AB0E0525} = {14C1BD9E-8DE9-42D7-9CB3-C5D1459EF65E}
		{B498093F-1383-4AA9-BFE1-EAEE89AAE97B} = {14C1BD9E-8DE9-42D7-9CB3-C5D1459EF65E}
		{38BC3BFF-45B2-441C-AC2B-0AC9A62CFA81} = {B498093F-1383-4AA9-BFE1-EAEE89AAE97B}
		{EAF796D0-208F-42E7-9C43-E599E13869E4} = {B498093F-1383-4AA9-BFE1-EAEE89AAE97B}
		{2F9B4B7F-7613-4763-AFBC-07D68464963F} = {B498093F-1383-4AA9-BFE1-EAEE89AAE97B}
		{D084E9AC-B0BD-4061-BBFC-0FEA393CB5C1} = {B498093F-1383-4AA9-BFE1-EAEE89AAE97B}
		{52EE6C55-A36F-4682-8049-E09CC1E5E95A} = {D084E9AC-B0BD-4061-BBFC-0FEA393CB5C1}
		{732543B7-5EA6-47EE-A561-C1ECEB5AE5AD} = {B498093F-1383-4AA9-BFE1-EAEE89AAE97B}
		{364CF5EA-4ABA-45F9-BBEF-E1E0DBFA2823} = {B498093F-1383-4AA9-BFE1-EAEE89AAE97B}
		{D3172884-A4C5-4A27-A8EA-08A9FB10EA0D} = {14C1BD9E-8DE9-42D7-9CB3-C5D1459EF65E}
		{BEBB508D-6392-4DA0-8FAB-16957B815EA1} = {D3172884-A4C5-4A27-A8EA-08A9FB10EA0D}
		{6EDE1001-E445-47B1-91F4-30F91422D326} = {D3172884-A4C5-4A27-A8EA-08A9FB10EA0D}
		{6C4AB3DF-3AE3-4E41-8DFF-9CE6045F9B2B} = {D3172884-A4C5-4A27-A8EA-08A9FB10EA0D}
		{5E15F84E-70AE-47CE-9F88-2F2E24D295B0} = {14C1BD9E-8DE9-42D7-9CB3-C5D1459EF65E}
		{6B3195C8-9CA5-401B-BE0E-30891F6D2FBD} = {5E15F84E-70AE-47CE-9F88-2F2E24D295B0}
		{8F6A374F-D97F-4834-B9B3-A4BC38DF26D8} = {5E15F84E-70AE-47CE-9F88-2F2E24D295B0}
		{E8AD345A-9C58-4D59-9B09-3EE046A9F452} = {01127476-C8A2-4AA1-ABCF-014B3C409F69}
		{01127476-C8A2-4AA1-ABCF-014B3C409F69} = {5E15F84E-70AE-47CE-9F88-2F2E24D295B0}
		{BB8D2BD0-D022-4BF4-A83C-CCA15B07F79E} = {B498093F-1383-4AA9-BFE1-EAEE89AAE97B}
		{320C50A6-2B1B-419E-911F-6FBA38BB35E4} = {14C1BD9E-8DE9-42D7-9CB3-C5D1459EF65E}
		{8DD44B98-19BF-4858-9ECA-65A42A6A0FC8} = {320C50A6-2B1B-419E-911F-6FBA38BB35E4}
		{20CCA53B-F063-4A97-99C1-DB973027A176} = {320C50A6-2B1B-419E-911F-6FBA38BB35E4}
		{5249E7B4-3BB5-4D5E-A6F4-217EB93D8D48} = {320C50A6-2B1B-419E-911F-6FBA38BB35E4}
		{D19CFD41-BF8A-4B81-8054-F07EA85C2FBD} = {14C1BD9E-8DE9-42D7-9CB3-C5D1459EF65E}
		{233B59DA-09FD-4FC6-90E4-29DBD58BD1D9} = {14C1BD9E-8DE9-42D7-9CB3-C5D1459EF65E}
		{E0056D6E-4663-4A8E-B6B7-9F120DD7EC6F} = {B498093F-1383-4AA9-BFE1-EAEE89AAE97B}
	EndGlobalSection
	GlobalSection(ExtensibilityGlobals) = postSolution
		SolutionGuid = {4F52EFD5-AE03-4C34-B7F1-6A275B06FD72}
	EndGlobalSection
EndGlobal
