
Microsoft Visual Studio Solution File, Format Version 12.00
# Visual Studio Version 17
VisualStudioVersion = 17.3.32929.385
MinimumVisualStudioVersion = 10.0.40219.1
Project("{FAE04EC0-301F-11D3-BF4B-00C04F79EFBC}") = "iSchool", "iSchool\iSchool.csproj", "{35308242-2CE1-4E4D-AE7C-D6E1DFEF4AC7}"
EndProject
Project("{FAE04EC0-301F-11D3-BF4B-00C04F79EFBC}") = "iSchool.Tests", "iSchool.Tests\iSchool.Tests.csproj", "{48ED98BA-7A3B-4FD4-8DA3-AA75E1BEC085}"
EndProject
Global
	GlobalSection(SolutionConfigurationPlatforms) = preSolution
		Debug|Any CPU = Debug|Any CPU
		Release|Any CPU = Release|Any CPU
	EndGlobalSection
	GlobalSection(ProjectConfigurationPlatforms) = postSolution
		{35308242-2CE1-4E4D-AE7C-D6E1DFEF4AC7}.Debug|Any CPU.ActiveCfg = Debug|Any CPU
		{35308242-2CE1-4E4D-AE7C-D6E1DFEF4AC7}.Debug|Any CPU.Build.0 = Debug|Any CPU
		{35308242-2CE1-4E4D-AE7C-D6E1DFEF4AC7}.Release|Any CPU.ActiveCfg = Release|Any CPU
		{35308242-2CE1-4E4D-AE7C-D6E1DFEF4AC7}.Release|Any CPU.Build.0 = Release|Any CPU
		{48ED98BA-7A3B-4FD4-8DA3-AA75E1BEC085}.Debug|Any CPU.ActiveCfg = Debug|Any CPU
		{48ED98BA-7A3B-4FD4-8DA3-AA75E1BEC085}.Debug|Any CPU.Build.0 = Debug|Any CPU
		{48ED98BA-7A3B-4FD4-8DA3-AA75E1BEC085}.Release|Any CPU.ActiveCfg = Release|Any CPU
		{48ED98BA-7A3B-4FD4-8DA3-AA75E1BEC085}.Release|Any CPU.Build.0 = Release|Any CPU
	EndGlobalSection
	GlobalSection(SolutionProperties) = preSolution
		HideSolutionNode = FALSE
	EndGlobalSection
	GlobalSection(ExtensibilityGlobals) = postSolution
		SolutionGuid = {123FCBD0-C4B7-46CE-BA74-0624BC8DF3FA}
	EndGlobalSection
EndGlobal
