
Microsoft Visual Studio Solution File, Format Version 12.00
# Visual Studio Version 17
VisualStudioVersion = 17.4.33205.214
MinimumVisualStudioVersion = 10.0.40219.1
Project("{FAE04EC0-301F-11D3-BF4B-00C04F79EFBC}") = "AuthenticatedSchoolSystem", "AuthenticatedSchoolSystem\AuthenticatedSchoolSystem.csproj", "{E0056D6E-4663-4A8E-B6B7-9F120DD7EC6F}"
EndProject
Project("{FAE04EC0-301F-11D3-BF4B-00C04F79EFBC}") = "AuthenticatedSchoolSystemUnitTest", "AuthenticatedSchoolSystemUnitTest\AuthenticatedSchoolSystemUnitTest.csproj", "{CBAB3772-5EAC-4219-9DBB-F221404CA380}"
EndProject
Global
	GlobalSection(SolutionConfigurationPlatforms) = preSolution
		Debug|Any CPU = Debug|Any CPU
		Release|Any CPU = Release|Any CPU
	EndGlobalSection
	GlobalSection(ProjectConfigurationPlatforms) = postSolution
		{E0056D6E-4663-4A8E-B6B7-9F120DD7EC6F}.Debug|Any CPU.ActiveCfg = Debug|Any CPU
		{E0056D6E-4663-4A8E-B6B7-9F120DD7EC6F}.Debug|Any CPU.Build.0 = Debug|Any CPU
		{E0056D6E-4663-4A8E-B6B7-9F120DD7EC6F}.Release|Any CPU.ActiveCfg = Release|Any CPU
		{E0056D6E-4663-4A8E-B6B7-9F120DD7EC6F}.Release|Any CPU.Build.0 = Release|Any CPU
		{CBAB3772-5EAC-4219-9DBB-F221404CA380}.Debug|Any CPU.ActiveCfg = Debug|Any CPU
		{CBAB3772-5EAC-4219-9DBB-F221404CA380}.Debug|Any CPU.Build.0 = Debug|Any CPU
		{CBAB3772-5EAC-4219-9DBB-F221404CA380}.Release|Any CPU.ActiveCfg = Release|Any CPU
		{CBAB3772-5EAC-4219-9DBB-F221404CA380}.Release|Any CPU.Build.0 = Release|Any CPU
	EndGlobalSection
	GlobalSection(SolutionProperties) = preSolution
		HideSolutionNode = FALSE
	EndGlobalSection
	GlobalSection(ExtensibilityGlobals) = postSolution
		EnterpriseLibraryConfigurationToolBinariesPath = packages\TransientFaultHandling.Core.5.1.1209.1\lib\NET4
		SolutionGuid = {A6534F99-071E-4407-9AFE-854BC5E23E18}
	EndGlobalSection
EndGlobal
